// !$*UTF8*$!
{
	archiveVersion = 1;
	classes = {
	};
	objectVersion = 46;
	objects = {

/* Begin PBXBuildFile section */
		0422F902AD212810AEC84012 /* include_juce_audio_basics.mm in Sources */ = {isa = PBXBuildFile; fileRef = 61BC88CC29248C8CF8FFC56D /* include_juce_audio_basics.mm */; };
		2ADFAD0ED05876E7EE12F637 /* RecentFilesMenuTemplate.nib in Resources */ = {isa = PBXBuildFile; fileRef = 38FBF152D7262F779577856C /* RecentFilesMenuTemplate.nib */; };
		4462854CBC39AFCAAB3F38A4 /* BinaryData.cpp in Sources */ = {isa = PBXBuildFile; fileRef = 4022D1916CE3443A77776B09 /* BinaryData.cpp */; };
		52811C392CA3D90D00EC75D2 /* libcurl.tbd in Frameworks */ = {isa = PBXBuildFile; fileRef = 52811C382CA3D8F100EC75D2 /* libcurl.tbd */; };
		685D4C99A2226A046CFC0B02 /* Accelerate.framework in Frameworks */ = {isa = PBXBuildFile; fileRef = B0ABED8544E684A4E1623F78 /* Accelerate.framework */; };
		6F3F8E570009C7D2F1F05269 /* include_juce_core.mm in Sources */ = {isa = PBXBuildFile; fileRef = 39CCE9A6B88A9B016FB8F930 /* include_juce_core.mm */; };
		7381F9C5651A4E53FA088E83 /* cbmp.c in Sources */ = {isa = PBXBuildFile; fileRef = 8A5BCE135B174DA25BB39D04 /* cbmp.c */; };
		78D9E2617F59CBCB9717052E /* Security.framework in Frameworks */ = {isa = PBXBuildFile; fileRef = EADE58C3E07EA407E4485826 /* Security.framework */; };
		9EF74ECCD554ED0ABA8C6B8F /* Main.cpp in Sources */ = {isa = PBXBuildFile; fileRef = 73EB78A1BB567700E188D8C2 /* Main.cpp */; };
		AE547A13BFCCEFD4F37B54FE /* Cocoa.framework in Frameworks */ = {isa = PBXBuildFile; fileRef = C6F46EF80D8D5BA56C6128B8 /* Cocoa.framework */; };
		C0E26C3E2AEDC42E1E7E69CA /* IOKit.framework in Frameworks */ = {isa = PBXBuildFile; fileRef = 1BFCEC29CA1850E5ECCC99B2 /* IOKit.framework */; };
		FBDB0807ABDD2D319302DD51 /* Foundation.framework in Frameworks */ = {isa = PBXBuildFile; fileRef = 473CB3FE3185AECF7B16B1BF /* Foundation.framework */; };
/* End PBXBuildFile section */

/* Begin PBXFileReference section */
		11E991C7A40EC57E228AD38C /* GUI.hpp */ = {isa = PBXFileReference; lastKnownFileType = sourcecode.c.h; name = GUI.hpp; path = ../../Source/GUI.hpp; sourceTree = SOURCE_ROOT; };
		1BFCEC29CA1850E5ECCC99B2 /* IOKit.framework */ = {isa = PBXFileReference; lastKnownFileType = wrapper.framework; name = IOKit.framework; path = System/Library/Frameworks/IOKit.framework; sourceTree = SDKROOT; };
		276655A60EC2DCF5FAEA1D32 /* CMakeLists.txt */ = {isa = PBXFileReference; lastKnownFileType = text.txt; name = CMakeLists.txt; path = ../../Source/cbmp/CMakeLists.txt; sourceTree = SOURCE_ROOT; };
		2DAB93E08C8A2E8682EC1DC5 /* BinaryData.h */ = {isa = PBXFileReference; lastKnownFileType = sourcecode.c.h; name = BinaryData.h; path = ../../JuceLibraryCode/BinaryData.h; sourceTree = SOURCE_ROOT; };
		38FBF152D7262F779577856C /* RecentFilesMenuTemplate.nib */ = {isa = PBXFileReference; lastKnownFileType = file.nib; path = RecentFilesMenuTemplate.nib; sourceTree = SOURCE_ROOT; };
		39CCE9A6B88A9B016FB8F930 /* include_juce_core.mm */ = {isa = PBXFileReference; lastKnownFileType = sourcecode.cpp.objcpp; name = include_juce_core.mm; path = ../../JuceLibraryCode/include_juce_core.mm; sourceTree = SOURCE_ROOT; };
		4022D1916CE3443A77776B09 /* BinaryData.cpp */ = {isa = PBXFileReference; lastKnownFileType = sourcecode.cpp.cpp; name = BinaryData.cpp; path = ../../JuceLibraryCode/BinaryData.cpp; sourceTree = SOURCE_ROOT; };
		473CB3FE3185AECF7B16B1BF /* Foundation.framework */ = {isa = PBXFileReference; lastKnownFileType = wrapper.framework; name = Foundation.framework; path = System/Library/Frameworks/Foundation.framework; sourceTree = SDKROOT; };
		52811C382CA3D8F100EC75D2 /* libcurl.tbd */ = {isa = PBXFileReference; lastKnownFileType = "sourcecode.text-based-dylib-definition"; name = libcurl.tbd; path = usr/lib/libcurl.tbd; sourceTree = SDKROOT; };
		52811C3B2CA53A8B00EC75D2 /* audio.hpp */ = {isa = PBXFileReference; lastKnownFileType = sourcecode.cpp.h; name = audio.hpp; path = ../../Source/audio.hpp; sourceTree = "<group>"; };
		61BC88CC29248C8CF8FFC56D /* include_juce_audio_basics.mm */ = {isa = PBXFileReference; lastKnownFileType = sourcecode.cpp.objcpp; name = include_juce_audio_basics.mm; path = ../../JuceLibraryCode/include_juce_audio_basics.mm; sourceTree = SOURCE_ROOT; };
		73EB78A1BB567700E188D8C2 /* Main.cpp */ = {isa = PBXFileReference; lastKnownFileType = sourcecode.cpp.cpp; name = Main.cpp; path = ../../Source/Main.cpp; sourceTree = SOURCE_ROOT; };
		789215325DA7609A94E75097 /* API.h */ = {isa = PBXFileReference; lastKnownFileType = sourcecode.c.h; name = API.h; path = ../../Source/API.h; sourceTree = SOURCE_ROOT; };
		83ABBA5E79E451F326BC4480 /* utils.h */ = {isa = PBXFileReference; lastKnownFileType = sourcecode.c.h; name = utils.h; path = ../../Source/utils.h; sourceTree = SOURCE_ROOT; };
		8A5BCE135B174DA25BB39D04 /* cbmp.c */ = {isa = PBXFileReference; lastKnownFileType = sourcecode.c.c; name = cbmp.c; path = ../../Source/cbmp/cbmp.c; sourceTree = SOURCE_ROOT; };
		AAADC9573BB7F8DE042A739A /* cbmp.h */ = {isa = PBXFileReference; lastKnownFileType = sourcecode.c.h; name = cbmp.h; path = ../../Source/cbmp/cbmp.h; sourceTree = SOURCE_ROOT; };
		B0ABED8544E684A4E1623F78 /* Accelerate.framework */ = {isa = PBXFileReference; lastKnownFileType = wrapper.framework; name = Accelerate.framework; path = System/Library/Frameworks/Accelerate.framework; sourceTree = SDKROOT; };
		C3D3FC545018B6CF8F337800 /* Midi.hpp */ = {isa = PBXFileReference; lastKnownFileType = sourcecode.c.h; name = Midi.hpp; path = ../../Source/Midi.hpp; sourceTree = SOURCE_ROOT; };
		C6F46EF80D8D5BA56C6128B8 /* Cocoa.framework */ = {isa = PBXFileReference; lastKnownFileType = wrapper.framework; name = Cocoa.framework; path = System/Library/Frameworks/Cocoa.framework; sourceTree = SDKROOT; };
		CC25575A15F4EEAB46FC7BFC /* juce_audio_basics */ = {isa = PBXFileReference; lastKnownFileType = folder; name = juce_audio_basics; path = /Users/syro/Downloads/JUCE/modules/juce_audio_basics; sourceTree = "<absolute>"; };
		D0AC29AFA3370A3188DD2D4D /* JuceHeader.h */ = {isa = PBXFileReference; lastKnownFileType = sourcecode.c.h; name = JuceHeader.h; path = ../../JuceLibraryCode/JuceHeader.h; sourceTree = SOURCE_ROOT; };
		DF65BC0E381929AD8FBA0423 /* juce_core */ = {isa = PBXFileReference; lastKnownFileType = folder; name = juce_core; path = /Users/syro/Downloads/JUCE/modules/juce_core; sourceTree = "<absolute>"; };
		EADE58C3E07EA407E4485826 /* Security.framework */ = {isa = PBXFileReference; lastKnownFileType = wrapper.framework; name = Security.framework; path = System/Library/Frameworks/Security.framework; sourceTree = SDKROOT; };
		F1F4F59EC610B2D993FBE4F9 /* WeatherWav */ = {isa = PBXFileReference; explicitFileType = "compiled.mach-o.executable"; includeInIndex = 0; path = WeatherWav; sourceTree = BUILT_PRODUCTS_DIR; };
/* End PBXFileReference section */

/* Begin PBXFrameworksBuildPhase section */
		2E326B0D9C06A95CC3E2C7B1 /* Frameworks */ = {
			isa = PBXFrameworksBuildPhase;
			buildActionMask = 2147483647;
			files = (
				52811C392CA3D90D00EC75D2 /* libcurl.tbd in Frameworks */,
				685D4C99A2226A046CFC0B02 /* Accelerate.framework in Frameworks */,
				AE547A13BFCCEFD4F37B54FE /* Cocoa.framework in Frameworks */,
				FBDB0807ABDD2D319302DD51 /* Foundation.framework in Frameworks */,
				C0E26C3E2AEDC42E1E7E69CA /* IOKit.framework in Frameworks */,
				78D9E2617F59CBCB9717052E /* Security.framework in Frameworks */,
			);
			runOnlyForDeploymentPostprocessing = 0;
		};
/* End PBXFrameworksBuildPhase section */

/* Begin PBXGroup section */
		1F682246E93661560C444CAC /* Frameworks */ = {
			isa = PBXGroup;
			children = (
				52811C382CA3D8F100EC75D2 /* libcurl.tbd */,
				B0ABED8544E684A4E1623F78 /* Accelerate.framework */,
				C6F46EF80D8D5BA56C6128B8 /* Cocoa.framework */,
				473CB3FE3185AECF7B16B1BF /* Foundation.framework */,
				1BFCEC29CA1850E5ECCC99B2 /* IOKit.framework */,
				EADE58C3E07EA407E4485826 /* Security.framework */,
			);
			name = Frameworks;
			sourceTree = "<group>";
		};
		259124CAC473A98F88EDCC18 /* Source */ = {
			isa = PBXGroup;
			children = (
				E0E38A0DBEADA082DF5B6B4B /* WeatherWav */,
				D7C9631D6773A97CA74DCD65 /* JUCE Modules */,
				AF4096B59BAC032048D1768C /* JUCE Library Code */,
				707F99DBF3917EFE39F8CFE4 /* Resources */,
				1F682246E93661560C444CAC /* Frameworks */,
				681AD3C24BA2219AAC941B67 /* Products */,
			);
			name = Source;
			sourceTree = "<group>";
		};
		681AD3C24BA2219AAC941B67 /* Products */ = {
			isa = PBXGroup;
			children = (
				F1F4F59EC610B2D993FBE4F9 /* WeatherWav */,
			);
			name = Products;
			sourceTree = "<group>";
		};
		707F99DBF3917EFE39F8CFE4 /* Resources */ = {
			isa = PBXGroup;
			children = (
				38FBF152D7262F779577856C /* RecentFilesMenuTemplate.nib */,
			);
			name = Resources;
			sourceTree = "<group>";
		};
		9CEF076EEBF67A79C7632E62 /* cbmp */ = {
			isa = PBXGroup;
			children = (
				8A5BCE135B174DA25BB39D04 /* cbmp.c */,
				AAADC9573BB7F8DE042A739A /* cbmp.h */,
				276655A60EC2DCF5FAEA1D32 /* CMakeLists.txt */,
			);
			name = cbmp;
			sourceTree = "<group>";
		};
		ABE78525D0C401371F779E16 /* Source */ = {
			isa = PBXGroup;
			children = (
				9CEF076EEBF67A79C7632E62 /* cbmp */,
				789215325DA7609A94E75097 /* API.h */,
				11E991C7A40EC57E228AD38C /* GUI.hpp */,
				73EB78A1BB567700E188D8C2 /* Main.cpp */,
				C3D3FC545018B6CF8F337800 /* Midi.hpp */,
				83ABBA5E79E451F326BC4480 /* utils.h */,
				52811C3B2CA53A8B00EC75D2 /* audio.hpp */,
			);
			name = Source;
			sourceTree = "<group>";
		};
		AF4096B59BAC032048D1768C /* JUCE Library Code */ = {
			isa = PBXGroup;
			children = (
				4022D1916CE3443A77776B09 /* BinaryData.cpp */,
				2DAB93E08C8A2E8682EC1DC5 /* BinaryData.h */,
				61BC88CC29248C8CF8FFC56D /* include_juce_audio_basics.mm */,
				39CCE9A6B88A9B016FB8F930 /* include_juce_core.mm */,
				D0AC29AFA3370A3188DD2D4D /* JuceHeader.h */,
			);
			name = "JUCE Library Code";
			sourceTree = "<group>";
		};
		D7C9631D6773A97CA74DCD65 /* JUCE Modules */ = {
			isa = PBXGroup;
			children = (
				CC25575A15F4EEAB46FC7BFC /* juce_audio_basics */,
				DF65BC0E381929AD8FBA0423 /* juce_core */,
			);
			name = "JUCE Modules";
			sourceTree = "<group>";
		};
		E0E38A0DBEADA082DF5B6B4B /* WeatherWav */ = {
			isa = PBXGroup;
			children = (
				ABE78525D0C401371F779E16 /* Source */,
			);
			name = WeatherWav;
			sourceTree = "<group>";
		};
/* End PBXGroup section */

/* Begin PBXNativeTarget section */
		930778E2C87A033C060B71CF /* WeatherWav - ConsoleApp */ = {
			isa = PBXNativeTarget;
			buildConfigurationList = 9EC36EF503C30F7232E27AD6 /* Build configuration list for PBXNativeTarget "WeatherWav - ConsoleApp" */;
			buildPhases = (
				6ECCA80F762345FDF7AE3E8B /* Resources */,
				23320E6DF728D8A72EEC673F /* Sources */,
				2E326B0D9C06A95CC3E2C7B1 /* Frameworks */,
			);
			buildRules = (
			);
			dependencies = (
			);
			name = "WeatherWav - ConsoleApp";
			productName = WeatherWav;
			productReference = F1F4F59EC610B2D993FBE4F9 /* WeatherWav */;
			productType = "com.apple.product-type.tool";
		};
/* End PBXNativeTarget section */

/* Begin PBXProject section */
		F74498FC393EF43AB610C397 /* Project object */ = {
			isa = PBXProject;
			attributes = {
				LastUpgradeCheck = 1340;
				ORGANIZATIONNAME = "";
			};
			buildConfigurationList = A70BE99146CBB78188CBDDC4 /* Build configuration list for PBXProject "WeatherWav" */;
			compatibilityVersion = "Xcode 3.2";
			developmentRegion = en;
			hasScannedForEncodings = 0;
			knownRegions = (
				en,
				Base,
			);
			mainGroup = 259124CAC473A98F88EDCC18 /* Source */;
			projectDirPath = "";
			projectRoot = "";
			targets = (
				930778E2C87A033C060B71CF /* WeatherWav - ConsoleApp */,
			);
		};
/* End PBXProject section */

/* Begin PBXResourcesBuildPhase section */
		6ECCA80F762345FDF7AE3E8B /* Resources */ = {
			isa = PBXResourcesBuildPhase;
			buildActionMask = 2147483647;
			files = (
				2ADFAD0ED05876E7EE12F637 /* RecentFilesMenuTemplate.nib in Resources */,
			);
			runOnlyForDeploymentPostprocessing = 0;
		};
/* End PBXResourcesBuildPhase section */

/* Begin PBXSourcesBuildPhase section */
		23320E6DF728D8A72EEC673F /* Sources */ = {
			isa = PBXSourcesBuildPhase;
			buildActionMask = 2147483647;
			files = (
				7381F9C5651A4E53FA088E83 /* cbmp.c in Sources */,
				9EF74ECCD554ED0ABA8C6B8F /* Main.cpp in Sources */,
				4462854CBC39AFCAAB3F38A4 /* BinaryData.cpp in Sources */,
				0422F902AD212810AEC84012 /* include_juce_audio_basics.mm in Sources */,
				6F3F8E570009C7D2F1F05269 /* include_juce_core.mm in Sources */,
			);
			runOnlyForDeploymentPostprocessing = 0;
		};
/* End PBXSourcesBuildPhase section */

/* Begin XCBuildConfiguration section */
		1A7BCDB10C516FB4129C3D26 /* Release */ = {
			isa = XCBuildConfiguration;
			buildSettings = {
				ALWAYS_SEARCH_USER_PATHS = NO;
				CLANG_ENABLE_OBJC_WEAK = YES;
				CLANG_WARN_BLOCK_CAPTURE_AUTORELEASING = YES;
				CLANG_WARN_BOOL_CONVERSION = YES;
				CLANG_WARN_COMMA = YES;
				CLANG_WARN_CONSTANT_CONVERSION = YES;
				CLANG_WARN_DEPRECATED_OBJC_IMPLEMENTATIONS = YES;
				CLANG_WARN_EMPTY_BODY = YES;
				CLANG_WARN_ENUM_CONVERSION = YES;
				CLANG_WARN_INFINITE_RECURSION = YES;
				CLANG_WARN_INT_CONVERSION = YES;
				CLANG_WARN_NON_LITERAL_NULL_CONVERSION = YES;
				CLANG_WARN_OBJC_IMPLICIT_RETAIN_SELF = YES;
				CLANG_WARN_OBJC_LITERAL_CONVERSION = YES;
				CLANG_WARN_RANGE_LOOP_ANALYSIS = YES;
				CLANG_WARN_STRICT_PROTOTYPES = YES;
				CLANG_WARN_SUSPICIOUS_MOVE = YES;
				CLANG_WARN_UNREACHABLE_CODE = YES;
				CLANG_WARN__DUPLICATE_METHOD_MATCH = YES;
				DEBUG_INFORMATION_FORMAT = dwarf;
				ENABLE_STRICT_OBJC_MSGSEND = YES;
				ENABLE_TESTABILITY = NO;
				GCC_C_LANGUAGE_STANDARD = c11;
				GCC_INLINES_ARE_PRIVATE_EXTERN = YES;
				GCC_MODEL_TUNING = G5;
				GCC_NO_COMMON_BLOCKS = YES;
				GCC_SYMBOLS_PRIVATE_EXTERN = YES;
				GCC_WARN_64_TO_32_BIT_CONVERSION = YES;
				GCC_WARN_ABOUT_RETURN_TYPE = YES;
				GCC_WARN_CHECK_SWITCH_STATEMENTS = YES;
				GCC_WARN_MISSING_PARENTHESES = YES;
				GCC_WARN_NON_VIRTUAL_DESTRUCTOR = YES;
				GCC_WARN_TYPECHECK_CALLS_TO_PRINTF = YES;
				GCC_WARN_UNDECLARED_SELECTOR = YES;
				GCC_WARN_UNINITIALIZED_AUTOS = YES;
				GCC_WARN_UNUSED_FUNCTION = YES;
				GCC_WARN_UNUSED_VARIABLE = YES;
				OTHER_CODE_SIGN_FLAGS = "--timestamp";
				PRODUCT_NAME = WeatherWav;
				SDKROOT = macosx;
				WARNING_CFLAGS = "-Wreorder";
				ZERO_LINK = NO;
			};
			name = Release;
		};
		5220A36ABE680C7D2DAF7588 /* Debug */ = {
			isa = XCBuildConfiguration;
			buildSettings = {
				ALWAYS_SEARCH_USER_PATHS = NO;
				CLANG_ENABLE_OBJC_WEAK = YES;
				CLANG_WARN_BLOCK_CAPTURE_AUTORELEASING = YES;
				CLANG_WARN_BOOL_CONVERSION = YES;
				CLANG_WARN_COMMA = YES;
				CLANG_WARN_CONSTANT_CONVERSION = YES;
				CLANG_WARN_DEPRECATED_OBJC_IMPLEMENTATIONS = YES;
				CLANG_WARN_EMPTY_BODY = YES;
				CLANG_WARN_ENUM_CONVERSION = YES;
				CLANG_WARN_INFINITE_RECURSION = YES;
				CLANG_WARN_INT_CONVERSION = YES;
				CLANG_WARN_NON_LITERAL_NULL_CONVERSION = YES;
				CLANG_WARN_OBJC_IMPLICIT_RETAIN_SELF = YES;
				CLANG_WARN_OBJC_LITERAL_CONVERSION = YES;
				CLANG_WARN_RANGE_LOOP_ANALYSIS = YES;
				CLANG_WARN_STRICT_PROTOTYPES = YES;
				CLANG_WARN_SUSPICIOUS_MOVE = YES;
				CLANG_WARN_UNREACHABLE_CODE = YES;
				CLANG_WARN__DUPLICATE_METHOD_MATCH = YES;
				DEBUG_INFORMATION_FORMAT = dwarf;
				ENABLE_STRICT_OBJC_MSGSEND = YES;
				ENABLE_TESTABILITY = NO;
				GCC_C_LANGUAGE_STANDARD = c11;
				GCC_INLINES_ARE_PRIVATE_EXTERN = YES;
				GCC_MODEL_TUNING = G5;
				GCC_NO_COMMON_BLOCKS = YES;
				GCC_SYMBOLS_PRIVATE_EXTERN = YES;
				GCC_WARN_64_TO_32_BIT_CONVERSION = YES;
				GCC_WARN_ABOUT_RETURN_TYPE = YES;
				GCC_WARN_CHECK_SWITCH_STATEMENTS = YES;
				GCC_WARN_MISSING_PARENTHESES = YES;
				GCC_WARN_NON_VIRTUAL_DESTRUCTOR = YES;
				GCC_WARN_TYPECHECK_CALLS_TO_PRINTF = YES;
				GCC_WARN_UNDECLARED_SELECTOR = YES;
				GCC_WARN_UNINITIALIZED_AUTOS = YES;
				GCC_WARN_UNUSED_FUNCTION = YES;
				GCC_WARN_UNUSED_VARIABLE = YES;
				ONLY_ACTIVE_ARCH = YES;
				OTHER_CODE_SIGN_FLAGS = "--timestamp";
				PRODUCT_NAME = WeatherWav;
				SDKROOT = macosx;
				WARNING_CFLAGS = "-Wreorder";
				ZERO_LINK = NO;
			};
			name = Debug;
		};
		5EE4034A7A577DF3E7CDDE8C /* Debug */ = {
			isa = XCBuildConfiguration;
			buildSettings = {
				CLANG_CXX_LANGUAGE_STANDARD = "c++20";
				CLANG_CXX_LIBRARY = "libc++";
				CLANG_LINK_OBJC_RUNTIME = NO;
				COMBINE_HIDPI_IMAGES = YES;
				CONFIGURATION_BUILD_DIR = "$(PROJECT_DIR)/build/$(CONFIGURATION)";
				COPY_PHASE_STRIP = NO;
				EXCLUDED_ARCHS = "";
				GCC_DYNAMIC_NO_PIC = NO;
				GCC_OPTIMIZATION_LEVEL = 0;
				GCC_PREPROCESSOR_DEFINITIONS = (
					"_DEBUG=1",
					"DEBUG=1",
					"JUCE_DISPLAY_SPLASH_SCREEN=1",
					"JUCE_USE_DARK_SPLASH_SCREEN=1",
					"JUCE_PROJUCER_VERSION=0x7000c",
					"JUCE_MODULE_AVAILABLE_juce_audio_basics=1",
					"JUCE_MODULE_AVAILABLE_juce_core=1",
					"JUCE_GLOBAL_MODULE_SETTINGS_INCLUDED=1",
					"JUCE_STRICT_REFCOUNTEDPOINTER=1",
					"JUCE_STANDALONE_APPLICATION=1",
					"JUCER_XCODE_MAC_F6D2F4CF=1",
					"JUCE_APP_VERSION=1.0.0",
					"JUCE_APP_VERSION_HEX=0x10000",
					"JucePlugin_Build_VST=0",
					"JucePlugin_Build_VST3=0",
					"JucePlugin_Build_AU=0",
					"JucePlugin_Build_AUv3=0",
					"JucePlugin_Build_AAX=0",
					"JucePlugin_Build_Standalone=0",
					"JucePlugin_Build_Unity=0",
					"JucePlugin_Build_LV2=0",
				);
				GCC_VERSION = com.apple.compilers.llvm.clang.1_0;
				HEADER_SEARCH_PATHS = (
					"$(SRCROOT)/../../JuceLibraryCode",
					/Users/syro/Downloads/JUCE/modules,
					"$(inherited)",
					"/opt/homebrew/Cellar/nlohmann-json/3.11.3/include",
				);
				INSTALL_PATH = /usr/bin;
				MACOSX_DEPLOYMENT_TARGET = 14.0;
				MTL_HEADER_SEARCH_PATHS = "$(SRCROOT)/../../JuceLibraryCode /Users/syro/Downloads/JUCE/modules /opt/homebrew/Cellar/nlohmann-json/3.11.3/include";
				PRODUCT_BUNDLE_IDENTIFIER = com.yourcompany.WeatherWav;
				PRODUCT_NAME = WeatherWav;
				USE_HEADERMAP = NO;
				VALID_ARCHS = "i386 x86_64 arm64 arm64e";
			};
			name = Debug;
		};
		8336F28989FAA83F7BB11328 /* Release */ = {
			isa = XCBuildConfiguration;
			buildSettings = {
				CLANG_CXX_LANGUAGE_STANDARD = "c++20";
				CLANG_CXX_LIBRARY = "libc++";
				CLANG_LINK_OBJC_RUNTIME = NO;
				COMBINE_HIDPI_IMAGES = YES;
				CONFIGURATION_BUILD_DIR = "$(PROJECT_DIR)/build/$(CONFIGURATION)";
				DEAD_CODE_STRIPPING = YES;
				EXCLUDED_ARCHS = "";
				GCC_GENERATE_DEBUGGING_SYMBOLS = NO;
				GCC_OPTIMIZATION_LEVEL = 3;
				GCC_PREPROCESSOR_DEFINITIONS = (
					"_NDEBUG=1",
					"NDEBUG=1",
					"JUCE_DISPLAY_SPLASH_SCREEN=1",
					"JUCE_USE_DARK_SPLASH_SCREEN=1",
					"JUCE_PROJUCER_VERSION=0x7000c",
					"JUCE_MODULE_AVAILABLE_juce_audio_basics=1",
					"JUCE_MODULE_AVAILABLE_juce_core=1",
					"JUCE_GLOBAL_MODULE_SETTINGS_INCLUDED=1",
					"JUCE_STRICT_REFCOUNTEDPOINTER=1",
					"JUCE_STANDALONE_APPLICATION=1",
					"JUCER_XCODE_MAC_F6D2F4CF=1",
					"JUCE_APP_VERSION=1.0.0",
					"JUCE_APP_VERSION_HEX=0x10000",
					"JucePlugin_Build_VST=0",
					"JucePlugin_Build_VST3=0",
					"JucePlugin_Build_AU=0",
					"JucePlugin_Build_AUv3=0",
					"JucePlugin_Build_AAX=0",
					"JucePlugin_Build_Standalone=0",
					"JucePlugin_Build_Unity=0",
					"JucePlugin_Build_LV2=0",
				);
				GCC_VERSION = com.apple.compilers.llvm.clang.1_0;
				HEADER_SEARCH_PATHS = (
					"$(SRCROOT)/../../JuceLibraryCode",
					/Users/syro/Downloads/JUCE/modules,
					"$(inherited)",
					"/opt/homebrew/Cellar/nlohmann-json/3.11.3/include",
				);
				INSTALL_PATH = /usr/bin;
				LLVM_LTO = YES;
				MACOSX_DEPLOYMENT_TARGET = 14.0;
				MTL_HEADER_SEARCH_PATHS = "$(SRCROOT)/../../JuceLibraryCode /Users/syro/Downloads/JUCE/modules /opt/homebrew/Cellar/nlohmann-json/3.11.3/include";
				PRODUCT_BUNDLE_IDENTIFIER = com.yourcompany.WeatherWav;
				PRODUCT_NAME = WeatherWav;
				USE_HEADERMAP = NO;
				VALID_ARCHS = "i386 x86_64 arm64 arm64e";
			};
			name = Release;
		};
/* End XCBuildConfiguration section */

/* Begin XCConfigurationList section */
		9EC36EF503C30F7232E27AD6 /* Build configuration list for PBXNativeTarget "WeatherWav - ConsoleApp" */ = {
			isa = XCConfigurationList;
			buildConfigurations = (
				5EE4034A7A577DF3E7CDDE8C /* Debug */,
				8336F28989FAA83F7BB11328 /* Release */,
			);
			defaultConfigurationIsVisible = 0;
			defaultConfigurationName = Debug;
		};
		A70BE99146CBB78188CBDDC4 /* Build configuration list for PBXProject "WeatherWav" */ = {
			isa = XCConfigurationList;
			buildConfigurations = (
				1A7BCDB10C516FB4129C3D26 /* Release */,
				5220A36ABE680C7D2DAF7588 /* Debug */,
			);
			defaultConfigurationIsVisible = 0;
			defaultConfigurationName = Debug;
		};
/* End XCConfigurationList section */
	};
	rootObject = F74498FC393EF43AB610C397 /* Project object */;
}
