// !$*UTF8*$!
{
	archiveVersion = 1;
	classes = {
	};
	objectVersion = 46;
	objects = {

/* Begin PBXBuildFile section */
		0422F902AD212810AEC84012 /* include_juce_audio_basics.mm in Sources */ = {isa = PBXBuildFile; fileRef = 61BC88CC29248C8CF8FFC56D /* include_juce_audio_basics.mm */; };
		063112DFA60958BDD3F86ED3 /* CoreMIDI.framework in Frameworks */ = {isa = PBXBuildFile; fileRef = F2A39259A9336983DF0F7BC9 /* CoreMIDI.framework */; };
		2ADFAD0ED05876E7EE12F637 /* RecentFilesMenuTemplate.nib in Resources */ = {isa = PBXBuildFile; fileRef = 38FBF152D7262F779577856C /* RecentFilesMenuTemplate.nib */; };
		31486A98EC43C92CEEC4DBE6 /* WebKit.framework in Frameworks */ = {isa = PBXBuildFile; fileRef = CE0EA11D45B2ADE30AF881A9 /* WebKit.framework */; };
		3F33E8648BBA2B7B42C4F881 /* CoreAudioKit.framework in Frameworks */ = {isa = PBXBuildFile; fileRef = 12D017E9EF351714CFD73474 /* CoreAudioKit.framework */; };
		4462854CBC39AFCAAB3F38A4 /* BinaryData.cpp in Sources */ = {isa = PBXBuildFile; fileRef = 4022D1916CE3443A77776B09 /* BinaryData.cpp */; };
		47E35AFDB78D557A8D92275C /* include_juce_gui_extra.mm in Sources */ = {isa = PBXBuildFile; fileRef = 5C0ED0E71F27C4B019BE3D36 /* include_juce_gui_extra.mm */; };
		52811C9C2CA7D8E100EC75D2 /* libcurl.4.dylib in Frameworks */ = {isa = PBXBuildFile; fileRef = 52811C9B2CA7D8E100EC75D2 /* libcurl.4.dylib */; };
		587E6320E49976666E02E405 /* DiscRecording.framework in Frameworks */ = {isa = PBXBuildFile; fileRef = CAE6BDEF4C954D4012C9A809 /* DiscRecording.framework */; };
		615057A5720304BB6D7F0B6D /* include_juce_dsp.mm in Sources */ = {isa = PBXBuildFile; fileRef = 82017B5A94A11744036EE62D /* include_juce_dsp.mm */; };
		637F709B276C19FA8368C42A /* audioMain.cpp in Sources */ = {isa = PBXBuildFile; fileRef = 5030CF1F49C6C3506B1B1973 /* audioMain.cpp */; };
		67A98E72F55854BAF9A23DFA /* MetalKit.framework in Frameworks */ = {isa = PBXBuildFile; fileRef = D28422F5E39A8452D6D28203 /* MetalKit.framework */; settings = {ATTRIBUTES = (Weak, ); }; };
		685D4C99A2226A046CFC0B02 /* Accelerate.framework in Frameworks */ = {isa = PBXBuildFile; fileRef = B0ABED8544E684A4E1623F78 /* Accelerate.framework */; };
		6F3F8E570009C7D2F1F05269 /* include_juce_core.mm in Sources */ = {isa = PBXBuildFile; fileRef = 39CCE9A6B88A9B016FB8F930 /* include_juce_core.mm */; };
		7381F9C5651A4E53FA088E83 /* cbmp.c in Sources */ = {isa = PBXBuildFile; fileRef = 8A5BCE135B174DA25BB39D04 /* cbmp.c */; };
		78D9E2617F59CBCB9717052E /* Security.framework in Frameworks */ = {isa = PBXBuildFile; fileRef = EADE58C3E07EA407E4485826 /* Security.framework */; };
		A2783F1B349D7F2B99D73083 /* include_juce_events.mm in Sources */ = {isa = PBXBuildFile; fileRef = 240C0D6F674B4A57D41C7A79 /* include_juce_events.mm */; };
		A2CE3BE4102F165BB4B6238A /* Metal.framework in Frameworks */ = {isa = PBXBuildFile; fileRef = 17BAC29F097568AD2A54C696 /* Metal.framework */; settings = {ATTRIBUTES = (Weak, ); }; };
		A64A997F5C342613E1F95214 /* QuartzCore.framework in Frameworks */ = {isa = PBXBuildFile; fileRef = DEA1FF1C3463482BA1500DF4 /* QuartzCore.framework */; };
		AE547A13BFCCEFD4F37B54FE /* Cocoa.framework in Frameworks */ = {isa = PBXBuildFile; fileRef = C6F46EF80D8D5BA56C6128B8 /* Cocoa.framework */; };
		AF330D6BB6B20DBC975CDF27 /* include_juce_gui_basics.mm in Sources */ = {isa = PBXBuildFile; fileRef = 4CB92AAD95AD1241C5438581 /* include_juce_gui_basics.mm */; };
		AFB130AA5DF105CF239E1E8A /* include_juce_audio_processors_ara.cpp in Sources */ = {isa = PBXBuildFile; fileRef = F163FBBE3608877B1969A367 /* include_juce_audio_processors_ara.cpp */; };
		B6E10291913B6E248550D176 /* include_juce_audio_devices.mm in Sources */ = {isa = PBXBuildFile; fileRef = 93F9323AE9718E94F645512A /* include_juce_audio_devices.mm */; };
		B840391F5EA63D4D7CC2C3D2 /* include_juce_graphics.mm in Sources */ = {isa = PBXBuildFile; fileRef = 7BB3D52D092D3F7FDAF5EC10 /* include_juce_graphics.mm */; };
		BB94EE62F34A663F2146B4B3 /* AudioToolbox.framework in Frameworks */ = {isa = PBXBuildFile; fileRef = 81685A02BC8AB853E34ED19E /* AudioToolbox.framework */; };
		C0E26C3E2AEDC42E1E7E69CA /* IOKit.framework in Frameworks */ = {isa = PBXBuildFile; fileRef = 1BFCEC29CA1850E5ECCC99B2 /* IOKit.framework */; };
		CE3F8C399A33CBEB0E60C2F8 /* include_juce_audio_formats.mm in Sources */ = {isa = PBXBuildFile; fileRef = 84ADBD9DD71BA245E4D6D9D0 /* include_juce_audio_formats.mm */; };
		D36530C713F39D954CCF2BB4 /* include_juce_audio_processors_lv2_libs.cpp in Sources */ = {isa = PBXBuildFile; fileRef = BA031E3FD83B8A522A7ECBD9 /* include_juce_audio_processors_lv2_libs.cpp */; };
		DAA53E6CF1CA9AE6915E8680 /* MainComponent.cpp in Sources */ = {isa = PBXBuildFile; fileRef = 85B438D904536932298A3AA6 /* MainComponent.cpp */; };
		E3B3B0FCAB904E7B07B65E54 /* CoreAudio.framework in Frameworks */ = {isa = PBXBuildFile; fileRef = 2914C5D95EED9B4A4D3FB394 /* CoreAudio.framework */; };
		EEF19687464781BB32026F2E /* include_juce_data_structures.mm in Sources */ = {isa = PBXBuildFile; fileRef = 9E2313D09D27F66E4B7C33A3 /* include_juce_data_structures.mm */; };
		EF66BA8C3D6F3E09D60A4461 /* include_juce_audio_utils.mm in Sources */ = {isa = PBXBuildFile; fileRef = 2DE2F90E233CBED049EC1078 /* include_juce_audio_utils.mm */; };
		EFAB2817C7FDDAA1BB62C97E /* include_juce_audio_processors.mm in Sources */ = {isa = PBXBuildFile; fileRef = 2A8B098804BA0B3003792BDB /* include_juce_audio_processors.mm */; };
		FBDB0807ABDD2D319302DD51 /* Foundation.framework in Frameworks */ = {isa = PBXBuildFile; fileRef = 473CB3FE3185AECF7B16B1BF /* Foundation.framework */; };
/* End PBXBuildFile section */

/* Begin PBXFileReference section */
		03AB844CE5300BB6AE5E1D7B /* juce_audio_devices */ = {isa = PBXFileReference; lastKnownFileType = folder; name = juce_audio_devices; path = /Users/syro/Downloads/JUCE/modules/juce_audio_devices; sourceTree = "<absolute>"; };
		11E991C7A40EC57E228AD38C /* GUI.hpp */ = {isa = PBXFileReference; lastKnownFileType = sourcecode.c.h; name = GUI.hpp; path = ../../Source/GUI.hpp; sourceTree = SOURCE_ROOT; };
		12D017E9EF351714CFD73474 /* CoreAudioKit.framework */ = {isa = PBXFileReference; lastKnownFileType = wrapper.framework; name = CoreAudioKit.framework; path = System/Library/Frameworks/CoreAudioKit.framework; sourceTree = SDKROOT; };
		17BAC29F097568AD2A54C696 /* Metal.framework */ = {isa = PBXFileReference; lastKnownFileType = wrapper.framework; name = Metal.framework; path = System/Library/Frameworks/Metal.framework; sourceTree = SDKROOT; };
		1BFCEC29CA1850E5ECCC99B2 /* IOKit.framework */ = {isa = PBXFileReference; lastKnownFileType = wrapper.framework; name = IOKit.framework; path = System/Library/Frameworks/IOKit.framework; sourceTree = SDKROOT; };
		223B805BD14130A149EFFA1B /* juce_audio_processors */ = {isa = PBXFileReference; lastKnownFileType = folder; name = juce_audio_processors; path = /Users/syro/Downloads/JUCE/modules/juce_audio_processors; sourceTree = "<absolute>"; };
		240C0D6F674B4A57D41C7A79 /* include_juce_events.mm */ = {isa = PBXFileReference; lastKnownFileType = sourcecode.cpp.objcpp; name = include_juce_events.mm; path = ../../JuceLibraryCode/include_juce_events.mm; sourceTree = SOURCE_ROOT; };
		276655A60EC2DCF5FAEA1D32 /* CMakeLists.txt */ = {isa = PBXFileReference; lastKnownFileType = text.txt; name = CMakeLists.txt; path = ../../Source/cbmp/CMakeLists.txt; sourceTree = SOURCE_ROOT; };
		2914C5D95EED9B4A4D3FB394 /* CoreAudio.framework */ = {isa = PBXFileReference; lastKnownFileType = wrapper.framework; name = CoreAudio.framework; path = System/Library/Frameworks/CoreAudio.framework; sourceTree = SDKROOT; };
		2A8B098804BA0B3003792BDB /* include_juce_audio_processors.mm */ = {isa = PBXFileReference; lastKnownFileType = sourcecode.cpp.objcpp; name = include_juce_audio_processors.mm; path = ../../JuceLibraryCode/include_juce_audio_processors.mm; sourceTree = SOURCE_ROOT; };
		2DAB93E08C8A2E8682EC1DC5 /* BinaryData.h */ = {isa = PBXFileReference; lastKnownFileType = sourcecode.c.h; name = BinaryData.h; path = ../../JuceLibraryCode/BinaryData.h; sourceTree = SOURCE_ROOT; };
		2DE2F90E233CBED049EC1078 /* include_juce_audio_utils.mm */ = {isa = PBXFileReference; lastKnownFileType = sourcecode.cpp.objcpp; name = include_juce_audio_utils.mm; path = ../../JuceLibraryCode/include_juce_audio_utils.mm; sourceTree = SOURCE_ROOT; };
		38FBF152D7262F779577856C /* RecentFilesMenuTemplate.nib */ = {isa = PBXFileReference; lastKnownFileType = file.nib; path = RecentFilesMenuTemplate.nib; sourceTree = SOURCE_ROOT; };
		39CCE9A6B88A9B016FB8F930 /* include_juce_core.mm */ = {isa = PBXFileReference; lastKnownFileType = sourcecode.cpp.objcpp; name = include_juce_core.mm; path = ../../JuceLibraryCode/include_juce_core.mm; sourceTree = SOURCE_ROOT; };
		4022D1916CE3443A77776B09 /* BinaryData.cpp */ = {isa = PBXFileReference; lastKnownFileType = sourcecode.cpp.cpp; name = BinaryData.cpp; path = ../../JuceLibraryCode/BinaryData.cpp; sourceTree = SOURCE_ROOT; };
		473CB3FE3185AECF7B16B1BF /* Foundation.framework */ = {isa = PBXFileReference; lastKnownFileType = wrapper.framework; name = Foundation.framework; path = System/Library/Frameworks/Foundation.framework; sourceTree = SDKROOT; };
		4BCF6B2B016EF523FC76C298 /* juce_audio_formats */ = {isa = PBXFileReference; lastKnownFileType = folder; name = juce_audio_formats; path = /Users/syro/Downloads/JUCE/modules/juce_audio_formats; sourceTree = "<absolute>"; };
		4CB92AAD95AD1241C5438581 /* include_juce_gui_basics.mm */ = {isa = PBXFileReference; lastKnownFileType = sourcecode.cpp.objcpp; name = include_juce_gui_basics.mm; path = ../../JuceLibraryCode/include_juce_gui_basics.mm; sourceTree = SOURCE_ROOT; };
		5030CF1F49C6C3506B1B1973 /* audioMain.cpp */ = {isa = PBXFileReference; lastKnownFileType = sourcecode.cpp.cpp; name = audioMain.cpp; path = ../../Source/audio/audioMain.cpp; sourceTree = SOURCE_ROOT; };
		523170F77D0F06DBCFD7D4E9 /* juce_events */ = {isa = PBXFileReference; lastKnownFileType = folder; name = juce_events; path = /Users/syro/Downloads/JUCE/modules/juce_events; sourceTree = "<absolute>"; };
		52811C9A2CA7D85900EC75D2 /* README.md */ = {isa = PBXFileReference; lastKnownFileType = net.daringfireball.markdown; name = README.md; path = ../../README.md; sourceTree = "<group>"; };
		52811C9B2CA7D8E100EC75D2 /* libcurl.4.dylib */ = {isa = PBXFileReference; lastKnownFileType = "compiled.mach-o.dylib"; name = libcurl.4.dylib; path = ../../../../../opt/homebrew/Cellar/curl/8.10.1/lib/libcurl.4.dylib; sourceTree = "<group>"; };
		5C0ED0E71F27C4B019BE3D36 /* include_juce_gui_extra.mm */ = {isa = PBXFileReference; lastKnownFileType = sourcecode.cpp.objcpp; name = include_juce_gui_extra.mm; path = ../../JuceLibraryCode/include_juce_gui_extra.mm; sourceTree = SOURCE_ROOT; };
		61BC88CC29248C8CF8FFC56D /* include_juce_audio_basics.mm */ = {isa = PBXFileReference; lastKnownFileType = sourcecode.cpp.objcpp; name = include_juce_audio_basics.mm; path = ../../JuceLibraryCode/include_juce_audio_basics.mm; sourceTree = SOURCE_ROOT; };
		6F31C4ECDEAD87C914FD26C5 /* Main.hpp */ = {isa = PBXFileReference; lastKnownFileType = sourcecode.c.h; name = Main.hpp; path = ../../Source/Main.hpp; sourceTree = SOURCE_ROOT; };
		746FA64ABAFAC498C2D9CF70 /* juce_data_structures */ = {isa = PBXFileReference; lastKnownFileType = folder; name = juce_data_structures; path = /Users/syro/Downloads/JUCE/modules/juce_data_structures; sourceTree = "<absolute>"; };
		789215325DA7609A94E75097 /* API.h */ = {isa = PBXFileReference; lastKnownFileType = sourcecode.c.h; name = API.h; path = ../../Source/API.h; sourceTree = SOURCE_ROOT; };
		78C403F7480A68F70A81DA05 /* juce_graphics */ = {isa = PBXFileReference; lastKnownFileType = folder; name = juce_graphics; path = /Users/syro/Downloads/JUCE/modules/juce_graphics; sourceTree = "<absolute>"; };
		7BB3D52D092D3F7FDAF5EC10 /* include_juce_graphics.mm */ = {isa = PBXFileReference; lastKnownFileType = sourcecode.cpp.objcpp; name = include_juce_graphics.mm; path = ../../JuceLibraryCode/include_juce_graphics.mm; sourceTree = SOURCE_ROOT; };
		81685A02BC8AB853E34ED19E /* AudioToolbox.framework */ = {isa = PBXFileReference; lastKnownFileType = wrapper.framework; name = AudioToolbox.framework; path = System/Library/Frameworks/AudioToolbox.framework; sourceTree = SDKROOT; };
		82017B5A94A11744036EE62D /* include_juce_dsp.mm */ = {isa = PBXFileReference; lastKnownFileType = sourcecode.cpp.objcpp; name = include_juce_dsp.mm; path = ../../JuceLibraryCode/include_juce_dsp.mm; sourceTree = SOURCE_ROOT; };
		83ABBA5E79E451F326BC4480 /* utils.h */ = {isa = PBXFileReference; lastKnownFileType = sourcecode.c.h; name = utils.h; path = ../../Source/utils.h; sourceTree = SOURCE_ROOT; };
		844A15548034ACBD5DD7BD28 /* juce_dsp */ = {isa = PBXFileReference; lastKnownFileType = folder; name = juce_dsp; path = /Users/syro/Downloads/JUCE/modules/juce_dsp; sourceTree = "<absolute>"; };
		84ADBD9DD71BA245E4D6D9D0 /* include_juce_audio_formats.mm */ = {isa = PBXFileReference; lastKnownFileType = sourcecode.cpp.objcpp; name = include_juce_audio_formats.mm; path = ../../JuceLibraryCode/include_juce_audio_formats.mm; sourceTree = SOURCE_ROOT; };
		85B438D904536932298A3AA6 /* MainComponent.cpp */ = {isa = PBXFileReference; lastKnownFileType = sourcecode.cpp.cpp; name = MainComponent.cpp; path = ../../Source/audio/MainComponent.cpp; sourceTree = SOURCE_ROOT; };
		8A5BCE135B174DA25BB39D04 /* cbmp.c */ = {isa = PBXFileReference; lastKnownFileType = sourcecode.c.c; name = cbmp.c; path = ../../Source/cbmp/cbmp.c; sourceTree = SOURCE_ROOT; };
		93F9323AE9718E94F645512A /* include_juce_audio_devices.mm */ = {isa = PBXFileReference; lastKnownFileType = sourcecode.cpp.objcpp; name = include_juce_audio_devices.mm; path = ../../JuceLibraryCode/include_juce_audio_devices.mm; sourceTree = SOURCE_ROOT; };
		9E2313D09D27F66E4B7C33A3 /* include_juce_data_structures.mm */ = {isa = PBXFileReference; lastKnownFileType = sourcecode.cpp.objcpp; name = include_juce_data_structures.mm; path = ../../JuceLibraryCode/include_juce_data_structures.mm; sourceTree = SOURCE_ROOT; };
		9EAE3F325A7445D5B28EA0A0 /* juce_gui_extra */ = {isa = PBXFileReference; lastKnownFileType = folder; name = juce_gui_extra; path = /Users/syro/Downloads/JUCE/modules/juce_gui_extra; sourceTree = "<absolute>"; };
		AAADC9573BB7F8DE042A739A /* cbmp.h */ = {isa = PBXFileReference; lastKnownFileType = sourcecode.c.h; name = cbmp.h; path = ../../Source/cbmp/cbmp.h; sourceTree = SOURCE_ROOT; };
		AB63B16CFFD571797E2D5342 /* juce_gui_basics */ = {isa = PBXFileReference; lastKnownFileType = folder; name = juce_gui_basics; path = /Users/syro/Downloads/JUCE/modules/juce_gui_basics; sourceTree = "<absolute>"; };
		B0ABED8544E684A4E1623F78 /* Accelerate.framework */ = {isa = PBXFileReference; lastKnownFileType = wrapper.framework; name = Accelerate.framework; path = System/Library/Frameworks/Accelerate.framework; sourceTree = SDKROOT; };
		BA031E3FD83B8A522A7ECBD9 /* include_juce_audio_processors_lv2_libs.cpp */ = {isa = PBXFileReference; lastKnownFileType = sourcecode.cpp.cpp; name = include_juce_audio_processors_lv2_libs.cpp; path = ../../JuceLibraryCode/include_juce_audio_processors_lv2_libs.cpp; sourceTree = SOURCE_ROOT; };
		C3D3FC545018B6CF8F337800 /* Midi.hpp */ = {isa = PBXFileReference; lastKnownFileType = sourcecode.c.h; name = Midi.hpp; path = ../../Source/Midi.hpp; sourceTree = SOURCE_ROOT; };
		C6F46EF80D8D5BA56C6128B8 /* Cocoa.framework */ = {isa = PBXFileReference; lastKnownFileType = wrapper.framework; name = Cocoa.framework; path = System/Library/Frameworks/Cocoa.framework; sourceTree = SDKROOT; };
		CAE6BDEF4C954D4012C9A809 /* DiscRecording.framework */ = {isa = PBXFileReference; lastKnownFileType = wrapper.framework; name = DiscRecording.framework; path = System/Library/Frameworks/DiscRecording.framework; sourceTree = SDKROOT; };
		CC25575A15F4EEAB46FC7BFC /* juce_audio_basics */ = {isa = PBXFileReference; lastKnownFileType = folder; name = juce_audio_basics; path = /Users/syro/Downloads/JUCE/modules/juce_audio_basics; sourceTree = "<absolute>"; };
		CDF6BA9BCD5FA663FDAEBC9D /* MainComponent.h */ = {isa = PBXFileReference; lastKnownFileType = sourcecode.c.h; name = MainComponent.h; path = ../../Source/audio/MainComponent.h; sourceTree = SOURCE_ROOT; };
		CE0EA11D45B2ADE30AF881A9 /* WebKit.framework */ = {isa = PBXFileReference; lastKnownFileType = wrapper.framework; name = WebKit.framework; path = System/Library/Frameworks/WebKit.framework; sourceTree = SDKROOT; };
		D0AC29AFA3370A3188DD2D4D /* JuceHeader.h */ = {isa = PBXFileReference; lastKnownFileType = sourcecode.c.h; name = JuceHeader.h; path = ../../JuceLibraryCode/JuceHeader.h; sourceTree = SOURCE_ROOT; };
		D28422F5E39A8452D6D28203 /* MetalKit.framework */ = {isa = PBXFileReference; lastKnownFileType = wrapper.framework; name = MetalKit.framework; path = System/Library/Frameworks/MetalKit.framework; sourceTree = SDKROOT; };
		DEA1FF1C3463482BA1500DF4 /* QuartzCore.framework */ = {isa = PBXFileReference; lastKnownFileType = wrapper.framework; name = QuartzCore.framework; path = System/Library/Frameworks/QuartzCore.framework; sourceTree = SDKROOT; };
		DF65BC0E381929AD8FBA0423 /* juce_core */ = {isa = PBXFileReference; lastKnownFileType = folder; name = juce_core; path = /Users/syro/Downloads/JUCE/modules/juce_core; sourceTree = "<absolute>"; };
		EADE58C3E07EA407E4485826 /* Security.framework */ = {isa = PBXFileReference; lastKnownFileType = wrapper.framework; name = Security.framework; path = System/Library/Frameworks/Security.framework; sourceTree = SDKROOT; };
		F163FBBE3608877B1969A367 /* include_juce_audio_processors_ara.cpp */ = {isa = PBXFileReference; lastKnownFileType = sourcecode.cpp.cpp; name = include_juce_audio_processors_ara.cpp; path = ../../JuceLibraryCode/include_juce_audio_processors_ara.cpp; sourceTree = SOURCE_ROOT; };
		F1F4F59EC610B2D993FBE4F9 /* WeatherWav */ = {isa = PBXFileReference; explicitFileType = "compiled.mach-o.executable"; includeInIndex = 0; path = WeatherWav; sourceTree = BUILT_PRODUCTS_DIR; };
		F2A39259A9336983DF0F7BC9 /* CoreMIDI.framework */ = {isa = PBXFileReference; lastKnownFileType = wrapper.framework; name = CoreMIDI.framework; path = System/Library/Frameworks/CoreMIDI.framework; sourceTree = SDKROOT; };
		F870C8EC06808654A41DC69C /* juce_audio_utils */ = {isa = PBXFileReference; lastKnownFileType = folder; name = juce_audio_utils; path = /Users/syro/Downloads/JUCE/modules/juce_audio_utils; sourceTree = "<absolute>"; };
/* End PBXFileReference section */

/* Begin PBXFrameworksBuildPhase section */
		2E326B0D9C06A95CC3E2C7B1 /* Frameworks */ = {
			isa = PBXFrameworksBuildPhase;
			buildActionMask = 2147483647;
			files = (
				52811C9C2CA7D8E100EC75D2 /* libcurl.4.dylib in Frameworks */,
				685D4C99A2226A046CFC0B02 /* Accelerate.framework in Frameworks */,
				BB94EE62F34A663F2146B4B3 /* AudioToolbox.framework in Frameworks */,
				AE547A13BFCCEFD4F37B54FE /* Cocoa.framework in Frameworks */,
				E3B3B0FCAB904E7B07B65E54 /* CoreAudio.framework in Frameworks */,
				3F33E8648BBA2B7B42C4F881 /* CoreAudioKit.framework in Frameworks */,
				063112DFA60958BDD3F86ED3 /* CoreMIDI.framework in Frameworks */,
				587E6320E49976666E02E405 /* DiscRecording.framework in Frameworks */,
				FBDB0807ABDD2D319302DD51 /* Foundation.framework in Frameworks */,
				C0E26C3E2AEDC42E1E7E69CA /* IOKit.framework in Frameworks */,
				A64A997F5C342613E1F95214 /* QuartzCore.framework in Frameworks */,
				78D9E2617F59CBCB9717052E /* Security.framework in Frameworks */,
				31486A98EC43C92CEEC4DBE6 /* WebKit.framework in Frameworks */,
				A2CE3BE4102F165BB4B6238A /* Metal.framework in Frameworks */,
				67A98E72F55854BAF9A23DFA /* MetalKit.framework in Frameworks */,
			);
			runOnlyForDeploymentPostprocessing = 0;
		};
/* End PBXFrameworksBuildPhase section */

/* Begin PBXGroup section */
		1F682246E93661560C444CAC /* Frameworks */ = {
			isa = PBXGroup;
			children = (
				52811C9B2CA7D8E100EC75D2 /* libcurl.4.dylib */,
				B0ABED8544E684A4E1623F78 /* Accelerate.framework */,
				81685A02BC8AB853E34ED19E /* AudioToolbox.framework */,
				C6F46EF80D8D5BA56C6128B8 /* Cocoa.framework */,
				2914C5D95EED9B4A4D3FB394 /* CoreAudio.framework */,
				12D017E9EF351714CFD73474 /* CoreAudioKit.framework */,
				F2A39259A9336983DF0F7BC9 /* CoreMIDI.framework */,
				CAE6BDEF4C954D4012C9A809 /* DiscRecording.framework */,
				473CB3FE3185AECF7B16B1BF /* Foundation.framework */,
				1BFCEC29CA1850E5ECCC99B2 /* IOKit.framework */,
				DEA1FF1C3463482BA1500DF4 /* QuartzCore.framework */,
				EADE58C3E07EA407E4485826 /* Security.framework */,
				CE0EA11D45B2ADE30AF881A9 /* WebKit.framework */,
				17BAC29F097568AD2A54C696 /* Metal.framework */,
				D28422F5E39A8452D6D28203 /* MetalKit.framework */,
			);
			name = Frameworks;
			sourceTree = "<group>";
		};
		259124CAC473A98F88EDCC18 /* Source */ = {
			isa = PBXGroup;
			children = (
				52811C9A2CA7D85900EC75D2 /* README.md */,
				E0E38A0DBEADA082DF5B6B4B /* WeatherWav */,
				D7C9631D6773A97CA74DCD65 /* JUCE Modules */,
				AF4096B59BAC032048D1768C /* JUCE Library Code */,
				707F99DBF3917EFE39F8CFE4 /* Resources */,
				1F682246E93661560C444CAC /* Frameworks */,
				681AD3C24BA2219AAC941B67 /* Products */,
			);
			name = Source;
			sourceTree = "<group>";
		};
		681AD3C24BA2219AAC941B67 /* Products */ = {
			isa = PBXGroup;
			children = (
				F1F4F59EC610B2D993FBE4F9 /* WeatherWav */,
			);
			name = Products;
			sourceTree = "<group>";
		};
		707F99DBF3917EFE39F8CFE4 /* Resources */ = {
			isa = PBXGroup;
			children = (
				38FBF152D7262F779577856C /* RecentFilesMenuTemplate.nib */,
			);
			name = Resources;
			sourceTree = "<group>";
		};
		9CEF076EEBF67A79C7632E62 /* cbmp */ = {
			isa = PBXGroup;
			children = (
				8A5BCE135B174DA25BB39D04 /* cbmp.c */,
				AAADC9573BB7F8DE042A739A /* cbmp.h */,
				276655A60EC2DCF5FAEA1D32 /* CMakeLists.txt */,
			);
			name = cbmp;
			sourceTree = "<group>";
		};
		AB0158CB6AB4AE6B89A6547A /* audio */ = {
			isa = PBXGroup;
			children = (
				5030CF1F49C6C3506B1B1973 /* audioMain.cpp */,
				85B438D904536932298A3AA6 /* MainComponent.cpp */,
				CDF6BA9BCD5FA663FDAEBC9D /* MainComponent.h */,
			);
			name = audio;
			sourceTree = "<group>";
		};
		ABE78525D0C401371F779E16 /* Source */ = {
			isa = PBXGroup;
			children = (
				9CEF076EEBF67A79C7632E62 /* cbmp */,
				789215325DA7609A94E75097 /* API.h */,
				11E991C7A40EC57E228AD38C /* GUI.hpp */,
				C3D3FC545018B6CF8F337800 /* Midi.hpp */,
				83ABBA5E79E451F326BC4480 /* utils.h */,
				6F31C4ECDEAD87C914FD26C5 /* Main.hpp */,
			);
			name = Source;
			sourceTree = "<group>";
		};
		AF4096B59BAC032048D1768C /* JUCE Library Code */ = {
			isa = PBXGroup;
			children = (
				4022D1916CE3443A77776B09 /* BinaryData.cpp */,
				2DAB93E08C8A2E8682EC1DC5 /* BinaryData.h */,
				61BC88CC29248C8CF8FFC56D /* include_juce_audio_basics.mm */,
				93F9323AE9718E94F645512A /* include_juce_audio_devices.mm */,
				84ADBD9DD71BA245E4D6D9D0 /* include_juce_audio_formats.mm */,
				2A8B098804BA0B3003792BDB /* include_juce_audio_processors.mm */,
				F163FBBE3608877B1969A367 /* include_juce_audio_processors_ara.cpp */,
				BA031E3FD83B8A522A7ECBD9 /* include_juce_audio_processors_lv2_libs.cpp */,
				2DE2F90E233CBED049EC1078 /* include_juce_audio_utils.mm */,
				39CCE9A6B88A9B016FB8F930 /* include_juce_core.mm */,
				9E2313D09D27F66E4B7C33A3 /* include_juce_data_structures.mm */,
				82017B5A94A11744036EE62D /* include_juce_dsp.mm */,
				240C0D6F674B4A57D41C7A79 /* include_juce_events.mm */,
				7BB3D52D092D3F7FDAF5EC10 /* include_juce_graphics.mm */,
				4CB92AAD95AD1241C5438581 /* include_juce_gui_basics.mm */,
				5C0ED0E71F27C4B019BE3D36 /* include_juce_gui_extra.mm */,
				D0AC29AFA3370A3188DD2D4D /* JuceHeader.h */,
			);
			name = "JUCE Library Code";
			sourceTree = "<group>";
		};
		D7C9631D6773A97CA74DCD65 /* JUCE Modules */ = {
			isa = PBXGroup;
			children = (
				CC25575A15F4EEAB46FC7BFC /* juce_audio_basics */,
				03AB844CE5300BB6AE5E1D7B /* juce_audio_devices */,
				4BCF6B2B016EF523FC76C298 /* juce_audio_formats */,
				223B805BD14130A149EFFA1B /* juce_audio_processors */,
				F870C8EC06808654A41DC69C /* juce_audio_utils */,
				DF65BC0E381929AD8FBA0423 /* juce_core */,
				746FA64ABAFAC498C2D9CF70 /* juce_data_structures */,
				844A15548034ACBD5DD7BD28 /* juce_dsp */,
				523170F77D0F06DBCFD7D4E9 /* juce_events */,
				78C403F7480A68F70A81DA05 /* juce_graphics */,
				AB63B16CFFD571797E2D5342 /* juce_gui_basics */,
				9EAE3F325A7445D5B28EA0A0 /* juce_gui_extra */,
			);
			name = "JUCE Modules";
			sourceTree = "<group>";
		};
		E0E38A0DBEADA082DF5B6B4B /* WeatherWav */ = {
			isa = PBXGroup;
			children = (
				AB0158CB6AB4AE6B89A6547A /* audio */,
				ABE78525D0C401371F779E16 /* Source */,
			);
			name = WeatherWav;
			sourceTree = "<group>";
		};
/* End PBXGroup section */

/* Begin PBXNativeTarget section */
		930778E2C87A033C060B71CF /* WeatherWav - ConsoleApp */ = {
			isa = PBXNativeTarget;
			buildConfigurationList = 9EC36EF503C30F7232E27AD6 /* Build configuration list for PBXNativeTarget "WeatherWav - ConsoleApp" */;
			buildPhases = (
				6ECCA80F762345FDF7AE3E8B /* Resources */,
				23320E6DF728D8A72EEC673F /* Sources */,
				2E326B0D9C06A95CC3E2C7B1 /* Frameworks */,
			);
			buildRules = (
			);
			dependencies = (
			);
			name = "WeatherWav - ConsoleApp";
			productName = WeatherWav;
			productReference = F1F4F59EC610B2D993FBE4F9 /* WeatherWav */;
			productType = "com.apple.product-type.tool";
		};
/* End PBXNativeTarget section */

/* Begin PBXProject section */
		F74498FC393EF43AB610C397 /* Project object */ = {
			isa = PBXProject;
			attributes = {
				LastUpgradeCheck = 1340;
				ORGANIZATIONNAME = "";
			};
			buildConfigurationList = A70BE99146CBB78188CBDDC4 /* Build configuration list for PBXProject "WeatherWav" */;
			compatibilityVersion = "Xcode 3.2";
			developmentRegion = en;
			hasScannedForEncodings = 0;
			knownRegions = (
				en,
				Base,
			);
			mainGroup = 259124CAC473A98F88EDCC18 /* Source */;
			projectDirPath = "";
			projectRoot = "";
			targets = (
				930778E2C87A033C060B71CF /* WeatherWav - ConsoleApp */,
			);
		};
/* End PBXProject section */

/* Begin PBXResourcesBuildPhase section */
		6ECCA80F762345FDF7AE3E8B /* Resources */ = {
			isa = PBXResourcesBuildPhase;
			buildActionMask = 2147483647;
			files = (
				2ADFAD0ED05876E7EE12F637 /* RecentFilesMenuTemplate.nib in Resources */,
			);
			runOnlyForDeploymentPostprocessing = 0;
		};
/* End PBXResourcesBuildPhase section */

/* Begin PBXSourcesBuildPhase section */
		23320E6DF728D8A72EEC673F /* Sources */ = {
			isa = PBXSourcesBuildPhase;
			buildActionMask = 2147483647;
			files = (
				637F709B276C19FA8368C42A /* audioMain.cpp in Sources */,
				DAA53E6CF1CA9AE6915E8680 /* MainComponent.cpp in Sources */,
				7381F9C5651A4E53FA088E83 /* cbmp.c in Sources */,
				4462854CBC39AFCAAB3F38A4 /* BinaryData.cpp in Sources */,
				0422F902AD212810AEC84012 /* include_juce_audio_basics.mm in Sources */,
				B6E10291913B6E248550D176 /* include_juce_audio_devices.mm in Sources */,
				CE3F8C399A33CBEB0E60C2F8 /* include_juce_audio_formats.mm in Sources */,
				EFAB2817C7FDDAA1BB62C97E /* include_juce_audio_processors.mm in Sources */,
				AFB130AA5DF105CF239E1E8A /* include_juce_audio_processors_ara.cpp in Sources */,
				D36530C713F39D954CCF2BB4 /* include_juce_audio_processors_lv2_libs.cpp in Sources */,
				EF66BA8C3D6F3E09D60A4461 /* include_juce_audio_utils.mm in Sources */,
				6F3F8E570009C7D2F1F05269 /* include_juce_core.mm in Sources */,
				EEF19687464781BB32026F2E /* include_juce_data_structures.mm in Sources */,
				615057A5720304BB6D7F0B6D /* include_juce_dsp.mm in Sources */,
				A2783F1B349D7F2B99D73083 /* include_juce_events.mm in Sources */,
				B840391F5EA63D4D7CC2C3D2 /* include_juce_graphics.mm in Sources */,
				AF330D6BB6B20DBC975CDF27 /* include_juce_gui_basics.mm in Sources */,
				47E35AFDB78D557A8D92275C /* include_juce_gui_extra.mm in Sources */,
			);
			runOnlyForDeploymentPostprocessing = 0;
		};
/* End PBXSourcesBuildPhase section */

/* Begin XCBuildConfiguration section */
		1A7BCDB10C516FB4129C3D26 /* Release */ = {
			isa = XCBuildConfiguration;
			buildSettings = {
				ALWAYS_SEARCH_USER_PATHS = NO;
				CLANG_ENABLE_OBJC_WEAK = YES;
				CLANG_WARN_BLOCK_CAPTURE_AUTORELEASING = YES;
				CLANG_WARN_BOOL_CONVERSION = YES;
				CLANG_WARN_COMMA = YES;
				CLANG_WARN_CONSTANT_CONVERSION = YES;
				CLANG_WARN_DEPRECATED_OBJC_IMPLEMENTATIONS = YES;
				CLANG_WARN_EMPTY_BODY = YES;
				CLANG_WARN_ENUM_CONVERSION = YES;
				CLANG_WARN_INFINITE_RECURSION = YES;
				CLANG_WARN_INT_CONVERSION = YES;
				CLANG_WARN_NON_LITERAL_NULL_CONVERSION = YES;
				CLANG_WARN_OBJC_IMPLICIT_RETAIN_SELF = YES;
				CLANG_WARN_OBJC_LITERAL_CONVERSION = YES;
				CLANG_WARN_RANGE_LOOP_ANALYSIS = YES;
				CLANG_WARN_STRICT_PROTOTYPES = YES;
				CLANG_WARN_SUSPICIOUS_MOVE = YES;
				CLANG_WARN_UNREACHABLE_CODE = YES;
				CLANG_WARN__DUPLICATE_METHOD_MATCH = YES;
				DEBUG_INFORMATION_FORMAT = dwarf;
				ENABLE_STRICT_OBJC_MSGSEND = YES;
				ENABLE_TESTABILITY = NO;
				GCC_C_LANGUAGE_STANDARD = c11;
				GCC_INLINES_ARE_PRIVATE_EXTERN = YES;
				GCC_MODEL_TUNING = G5;
				GCC_NO_COMMON_BLOCKS = YES;
				GCC_SYMBOLS_PRIVATE_EXTERN = YES;
				GCC_WARN_64_TO_32_BIT_CONVERSION = YES;
				GCC_WARN_ABOUT_RETURN_TYPE = YES;
				GCC_WARN_CHECK_SWITCH_STATEMENTS = YES;
				GCC_WARN_MISSING_PARENTHESES = YES;
				GCC_WARN_NON_VIRTUAL_DESTRUCTOR = YES;
				GCC_WARN_TYPECHECK_CALLS_TO_PRINTF = YES;
				GCC_WARN_UNDECLARED_SELECTOR = YES;
				GCC_WARN_UNINITIALIZED_AUTOS = YES;
				GCC_WARN_UNUSED_FUNCTION = YES;
				GCC_WARN_UNUSED_VARIABLE = YES;
				OTHER_CODE_SIGN_FLAGS = "--timestamp";
				PRODUCT_NAME = WeatherWav;
				SDKROOT = macosx;
				WARNING_CFLAGS = "-Wreorder";
				ZERO_LINK = NO;
			};
			name = Release;
		};
		5220A36ABE680C7D2DAF7588 /* Debug */ = {
			isa = XCBuildConfiguration;
			buildSettings = {
				ALWAYS_SEARCH_USER_PATHS = NO;
				CLANG_ENABLE_OBJC_WEAK = YES;
				CLANG_WARN_BLOCK_CAPTURE_AUTORELEASING = YES;
				CLANG_WARN_BOOL_CONVERSION = YES;
				CLANG_WARN_COMMA = YES;
				CLANG_WARN_CONSTANT_CONVERSION = YES;
				CLANG_WARN_DEPRECATED_OBJC_IMPLEMENTATIONS = YES;
				CLANG_WARN_EMPTY_BODY = YES;
				CLANG_WARN_ENUM_CONVERSION = YES;
				CLANG_WARN_INFINITE_RECURSION = YES;
				CLANG_WARN_INT_CONVERSION = YES;
				CLANG_WARN_NON_LITERAL_NULL_CONVERSION = YES;
				CLANG_WARN_OBJC_IMPLICIT_RETAIN_SELF = YES;
				CLANG_WARN_OBJC_LITERAL_CONVERSION = YES;
				CLANG_WARN_RANGE_LOOP_ANALYSIS = YES;
				CLANG_WARN_STRICT_PROTOTYPES = YES;
				CLANG_WARN_SUSPICIOUS_MOVE = YES;
				CLANG_WARN_UNREACHABLE_CODE = YES;
				CLANG_WARN__DUPLICATE_METHOD_MATCH = YES;
				DEBUG_INFORMATION_FORMAT = dwarf;
				ENABLE_STRICT_OBJC_MSGSEND = YES;
				ENABLE_TESTABILITY = NO;
				GCC_C_LANGUAGE_STANDARD = c11;
				GCC_INLINES_ARE_PRIVATE_EXTERN = YES;
				GCC_MODEL_TUNING = G5;
				GCC_NO_COMMON_BLOCKS = YES;
				GCC_SYMBOLS_PRIVATE_EXTERN = YES;
				GCC_WARN_64_TO_32_BIT_CONVERSION = YES;
				GCC_WARN_ABOUT_RETURN_TYPE = YES;
				GCC_WARN_CHECK_SWITCH_STATEMENTS = YES;
				GCC_WARN_MISSING_PARENTHESES = YES;
				GCC_WARN_NON_VIRTUAL_DESTRUCTOR = YES;
				GCC_WARN_TYPECHECK_CALLS_TO_PRINTF = YES;
				GCC_WARN_UNDECLARED_SELECTOR = YES;
				GCC_WARN_UNINITIALIZED_AUTOS = YES;
				GCC_WARN_UNUSED_FUNCTION = YES;
				GCC_WARN_UNUSED_VARIABLE = YES;
				ONLY_ACTIVE_ARCH = YES;
				OTHER_CODE_SIGN_FLAGS = "--timestamp";
				PRODUCT_NAME = WeatherWav;
				SDKROOT = macosx;
				WARNING_CFLAGS = "-Wreorder";
				ZERO_LINK = NO;
			};
			name = Debug;
		};
		5EE4034A7A577DF3E7CDDE8C /* Debug */ = {
			isa = XCBuildConfiguration;
			buildSettings = {
				CLANG_CXX_LANGUAGE_STANDARD = "c++20";
				CLANG_CXX_LIBRARY = "libc++";
				CLANG_LINK_OBJC_RUNTIME = NO;
				COMBINE_HIDPI_IMAGES = YES;
				CONFIGURATION_BUILD_DIR = "$(PROJECT_DIR)/build/$(CONFIGURATION)";
				COPY_PHASE_STRIP = NO;
				EXCLUDED_ARCHS = "";
				GCC_DYNAMIC_NO_PIC = NO;
				GCC_OPTIMIZATION_LEVEL = 0;
				GCC_PREPROCESSOR_DEFINITIONS = (
					"_DEBUG=1",
					"DEBUG=1",
					"JUCE_DISPLAY_SPLASH_SCREEN=1",
					"JUCE_USE_DARK_SPLASH_SCREEN=1",
					"JUCE_PROJUCER_VERSION=0x7000c",
					"JUCE_MODULE_AVAILABLE_juce_audio_basics=1",
					"JUCE_MODULE_AVAILABLE_juce_audio_devices=1",
					"JUCE_MODULE_AVAILABLE_juce_audio_formats=1",
					"JUCE_MODULE_AVAILABLE_juce_audio_processors=1",
					"JUCE_MODULE_AVAILABLE_juce_audio_utils=1",
					"JUCE_MODULE_AVAILABLE_juce_core=1",
					"JUCE_MODULE_AVAILABLE_juce_data_structures=1",
					"JUCE_MODULE_AVAILABLE_juce_dsp=1",
					"JUCE_MODULE_AVAILABLE_juce_events=1",
					"JUCE_MODULE_AVAILABLE_juce_graphics=1",
					"JUCE_MODULE_AVAILABLE_juce_gui_basics=1",
					"JUCE_MODULE_AVAILABLE_juce_gui_extra=1",
					"JUCE_GLOBAL_MODULE_SETTINGS_INCLUDED=1",
					"JUCE_STRICT_REFCOUNTEDPOINTER=1",
					"JUCE_STANDALONE_APPLICATION=1",
					"JUCER_XCODE_MAC_F6D2F4CF=1",
					"JUCE_APP_VERSION=1.0.0",
					"JUCE_APP_VERSION_HEX=0x10000",
					"JucePlugin_Build_VST=0",
					"JucePlugin_Build_VST3=0",
					"JucePlugin_Build_AU=0",
					"JucePlugin_Build_AUv3=0",
					"JucePlugin_Build_AAX=0",
					"JucePlugin_Build_Standalone=0",
					"JucePlugin_Build_Unity=0",
					"JucePlugin_Build_LV2=0",
				);
				GCC_VERSION = com.apple.compilers.llvm.clang.1_0;
				HEADER_SEARCH_PATHS = (
					"$(SRCROOT)/../../JuceLibraryCode",
					/Users/syro/Downloads/JUCE/modules,
					"/opt/homebrew/Cellar/nlohmann-json/3.11.3/include",
					/opt/homebrew/Cellar/curl/8.10.1/include,
					/opt/homebrew/Cellar/glfw/3.4/include,
					"$(inherited)",
				);
				INSTALL_PATH = /usr/bin;
				LIBRARY_SEARCH_PATHS = (
					"$(inherited)",
					/opt/homebrew/Cellar/curl/8.10.1/lib,
				);
				MACOSX_DEPLOYMENT_TARGET = 14.0;
				MTL_HEADER_SEARCH_PATHS = "$(SRCROOT)/../../JuceLibraryCode /Users/syro/Downloads/JUCE/modules /opt/homebrew/Cellar/nlohmann-json/3.11.3/include /opt/homebrew/Cellar/curl/8.10.1/include /opt/homebrew/Cellar/glfw/3.4/include";
				PRODUCT_BUNDLE_IDENTIFIER = com.yourcompany.WeatherWav;
				PRODUCT_NAME = WeatherWav;
				USE_HEADERMAP = NO;
				VALID_ARCHS = "i386 x86_64 arm64 arm64e";
			};
			name = Debug;
		};
		8336F28989FAA83F7BB11328 /* Release */ = {
			isa = XCBuildConfiguration;
			buildSettings = {
				CLANG_CXX_LANGUAGE_STANDARD = "c++20";
				CLANG_CXX_LIBRARY = "libc++";
				CLANG_LINK_OBJC_RUNTIME = NO;
				COMBINE_HIDPI_IMAGES = YES;
				CONFIGURATION_BUILD_DIR = "$(PROJECT_DIR)/build/$(CONFIGURATION)";
				DEAD_CODE_STRIPPING = YES;
				EXCLUDED_ARCHS = "";
				GCC_GENERATE_DEBUGGING_SYMBOLS = NO;
				GCC_OPTIMIZATION_LEVEL = 3;
				GCC_PREPROCESSOR_DEFINITIONS = (
					"_NDEBUG=1",
					"NDEBUG=1",
					"JUCE_DISPLAY_SPLASH_SCREEN=1",
					"JUCE_USE_DARK_SPLASH_SCREEN=1",
					"JUCE_PROJUCER_VERSION=0x7000c",
					"JUCE_MODULE_AVAILABLE_juce_audio_basics=1",
					"JUCE_MODULE_AVAILABLE_juce_audio_devices=1",
					"JUCE_MODULE_AVAILABLE_juce_audio_formats=1",
					"JUCE_MODULE_AVAILABLE_juce_audio_processors=1",
					"JUCE_MODULE_AVAILABLE_juce_audio_utils=1",
					"JUCE_MODULE_AVAILABLE_juce_core=1",
					"JUCE_MODULE_AVAILABLE_juce_data_structures=1",
					"JUCE_MODULE_AVAILABLE_juce_dsp=1",
					"JUCE_MODULE_AVAILABLE_juce_events=1",
					"JUCE_MODULE_AVAILABLE_juce_graphics=1",
					"JUCE_MODULE_AVAILABLE_juce_gui_basics=1",
					"JUCE_MODULE_AVAILABLE_juce_gui_extra=1",
					"JUCE_GLOBAL_MODULE_SETTINGS_INCLUDED=1",
					"JUCE_STRICT_REFCOUNTEDPOINTER=1",
					"JUCE_STANDALONE_APPLICATION=1",
					"JUCER_XCODE_MAC_F6D2F4CF=1",
					"JUCE_APP_VERSION=1.0.0",
					"JUCE_APP_VERSION_HEX=0x10000",
					"JucePlugin_Build_VST=0",
					"JucePlugin_Build_VST3=0",
					"JucePlugin_Build_AU=0",
					"JucePlugin_Build_AUv3=0",
					"JucePlugin_Build_AAX=0",
					"JucePlugin_Build_Standalone=0",
					"JucePlugin_Build_Unity=0",
					"JucePlugin_Build_LV2=0",
				);
				GCC_VERSION = com.apple.compilers.llvm.clang.1_0;
				HEADER_SEARCH_PATHS = (
					"$(SRCROOT)/../../JuceLibraryCode",
					/Users/syro/Downloads/JUCE/modules,
					"/opt/homebrew/Cellar/nlohmann-json/3.11.3/include",
					/opt/homebrew/Cellar/curl/8.10.1/include,
					/opt/homebrew/Cellar/glfw/3.4/include,
					"$(inherited)",
				);
				INSTALL_PATH = /usr/bin;
				LIBRARY_SEARCH_PATHS = (
					"$(inherited)",
					/opt/homebrew/Cellar/curl/8.10.1/lib,
				);
				LLVM_LTO = YES;
				MACOSX_DEPLOYMENT_TARGET = 10.13;
				MTL_HEADER_SEARCH_PATHS = "$(SRCROOT)/../../JuceLibraryCode /Users/syro/Downloads/JUCE/modules /opt/homebrew/Cellar/nlohmann-json/3.11.3/include /opt/homebrew/Cellar/curl/8.10.1/include /opt/homebrew/Cellar/glfw/3.4/include";
				PRODUCT_BUNDLE_IDENTIFIER = com.yourcompany.WeatherWav;
				PRODUCT_NAME = WeatherWav;
				USE_HEADERMAP = NO;
				VALID_ARCHS = "i386 x86_64 arm64 arm64e";
			};
			name = Release;
		};
/* End XCBuildConfiguration section */

/* Begin XCConfigurationList section */
		9EC36EF503C30F7232E27AD6 /* Build configuration list for PBXNativeTarget "WeatherWav - ConsoleApp" */ = {
			isa = XCConfigurationList;
			buildConfigurations = (
				5EE4034A7A577DF3E7CDDE8C /* Debug */,
				8336F28989FAA83F7BB11328 /* Release */,
			);
			defaultConfigurationIsVisible = 0;
			defaultConfigurationName = Debug;
		};
		A70BE99146CBB78188CBDDC4 /* Build configuration list for PBXProject "WeatherWav" */ = {
			isa = XCConfigurationList;
			buildConfigurations = (
				1A7BCDB10C516FB4129C3D26 /* Release */,
				5220A36ABE680C7D2DAF7588 /* Debug */,
			);
			defaultConfigurationIsVisible = 0;
			defaultConfigurationName = Debug;
		};
/* End XCConfigurationList section */
	};
	rootObject = F74498FC393EF43AB610C397 /* Project object */;
}
