// !$*UTF8*$!
{
	archiveVersion = 1;
	classes = {
	};
	objectVersion = 46;
	objects = {

/* Begin PBXBuildFile section */
		0422F902AD212810AEC84012 /* include_juce_audio_basics.mm in Sources */ = {isa = PBXBuildFile; fileRef = 61BC88CC29248C8CF8FFC56D /* include_juce_audio_basics.mm */; };
		0DF0E72C2CA120D5004CD901 /* Main.cpp in Sources */ = {isa = PBXBuildFile; fileRef = 0DF0E72A2CA120D5004CD901 /* Main.cpp */; };
		0DF0E7522CA12760004CD901 /* cbmp.c in Sources */ = {isa = PBXBuildFile; fileRef = 0DF0E74E2CA12760004CD901 /* cbmp.c */; };
		0DF0E7532CA12760004CD901 /* CMakeLists.txt in Resources */ = {isa = PBXBuildFile; fileRef = 0DF0E7502CA12760004CD901 /* CMakeLists.txt */; };
		0DF0E7612CA12B31004CD901 /* Doom_logo.bmp in Resources */ = {isa = PBXBuildFile; fileRef = 0DF0E75D2CA12B31004CD901 /* Doom_logo.bmp */; };
		0DF0E7622CA12B31004CD901 /* Logo.bmp in Resources */ = {isa = PBXBuildFile; fileRef = 0DF0E75E2CA12B31004CD901 /* Logo.bmp */; };
		0DF0E7632CA12B31004CD901 /* mapBmp.bmp in Resources */ = {isa = PBXBuildFile; fileRef = 0DF0E75F2CA12B31004CD901 /* mapBmp.bmp */; };
		0DF0E7672CA17715004CD901 /* libcurl.tbd in Frameworks */ = {isa = PBXBuildFile; fileRef = 0DF0E7662CA13D7F004CD901 /* libcurl.tbd */; };
		2ADFAD0ED05876E7EE12F637 /* RecentFilesMenuTemplate.nib in Resources */ = {isa = PBXBuildFile; fileRef = 38FBF152D7262F779577856C /* RecentFilesMenuTemplate.nib */; };
		685D4C99A2226A046CFC0B02 /* Accelerate.framework in Frameworks */ = {isa = PBXBuildFile; fileRef = B0ABED8544E684A4E1623F78 /* Accelerate.framework */; };
		6F3F8E570009C7D2F1F05269 /* include_juce_core.mm in Sources */ = {isa = PBXBuildFile; fileRef = 39CCE9A6B88A9B016FB8F930 /* include_juce_core.mm */; };
		78D9E2617F59CBCB9717052E /* Security.framework in Frameworks */ = {isa = PBXBuildFile; fileRef = EADE58C3E07EA407E4485826 /* Security.framework */; };
		AE547A13BFCCEFD4F37B54FE /* Cocoa.framework in Frameworks */ = {isa = PBXBuildFile; fileRef = C6F46EF80D8D5BA56C6128B8 /* Cocoa.framework */; };
		C0E26C3E2AEDC42E1E7E69CA /* IOKit.framework in Frameworks */ = {isa = PBXBuildFile; fileRef = 1BFCEC29CA1850E5ECCC99B2 /* IOKit.framework */; };
		FBDB0807ABDD2D319302DD51 /* Foundation.framework in Frameworks */ = {isa = PBXBuildFile; fileRef = 473CB3FE3185AECF7B16B1BF /* Foundation.framework */; };
/* End PBXBuildFile section */

/* Begin PBXFileReference section */
		0DF0E72A2CA120D5004CD901 /* Main.cpp */ = {isa = PBXFileReference; lastKnownFileType = sourcecode.cpp.cpp; name = Main.cpp; path = ../../Source/Main.cpp; sourceTree = "<group>"; };
		0DF0E72B2CA120D5004CD901 /* Midi.hpp */ = {isa = PBXFileReference; lastKnownFileType = sourcecode.cpp.h; name = Midi.hpp; path = ../../Source/Midi.hpp; sourceTree = "<group>"; };
		0DF0E74C2CA1255A004CD901 /* WeatherWav - App copy-Info.plist */ = {isa = PBXFileReference; lastKnownFileType = text.plist.xml; name = "WeatherWav - App copy-Info.plist"; path = "/Users/syrofullerton/JUCE/Syro/WeatherWav/Builds/MacOSX/WeatherWav - App copy-Info.plist"; sourceTree = "<absolute>"; };
		0DF0E74D2CA1270B004CD901 /* GUI.hpp */ = {isa = PBXFileReference; lastKnownFileType = sourcecode.cpp.h; name = GUI.hpp; path = ../../Source/GUI.hpp; sourceTree = "<group>"; };
		0DF0E74E2CA12760004CD901 /* cbmp.c */ = {isa = PBXFileReference; fileEncoding = 4; lastKnownFileType = sourcecode.c.c; path = cbmp.c; sourceTree = "<group>"; };
		0DF0E74F2CA12760004CD901 /* cbmp.h */ = {isa = PBXFileReference; fileEncoding = 4; lastKnownFileType = sourcecode.c.h; path = cbmp.h; sourceTree = "<group>"; };
		0DF0E7502CA12760004CD901 /* CMakeLists.txt */ = {isa = PBXFileReference; fileEncoding = 4; lastKnownFileType = text; path = CMakeLists.txt; sourceTree = "<group>"; };
		0DF0E75D2CA12B31004CD901 /* Doom_logo.bmp */ = {isa = PBXFileReference; lastKnownFileType = image.bmp; path = Doom_logo.bmp; sourceTree = "<group>"; };
		0DF0E75E2CA12B31004CD901 /* Logo.bmp */ = {isa = PBXFileReference; lastKnownFileType = image.bmp; path = Logo.bmp; sourceTree = "<group>"; };
		0DF0E75F2CA12B31004CD901 /* mapBmp.bmp */ = {isa = PBXFileReference; lastKnownFileType = image.bmp; path = mapBmp.bmp; sourceTree = "<group>"; };
		0DF0E7642CA12E58004CD901 /* utils.h */ = {isa = PBXFileReference; lastKnownFileType = sourcecode.c.h; name = utils.h; path = ../../Source/utils.h; sourceTree = "<group>"; };
		0DF0E7652CA13CA5004CD901 /* API.h */ = {isa = PBXFileReference; lastKnownFileType = sourcecode.c.h; name = API.h; path = ../../Source/API.h; sourceTree = "<group>"; };
		0DF0E7662CA13D7F004CD901 /* libcurl.tbd */ = {isa = PBXFileReference; lastKnownFileType = "sourcecode.text-based-dylib-definition"; name = libcurl.tbd; path = usr/lib/libcurl.tbd; sourceTree = SDKROOT; };
		1BFCEC29CA1850E5ECCC99B2 /* IOKit.framework */ = {isa = PBXFileReference; lastKnownFileType = wrapper.framework; name = IOKit.framework; path = System/Library/Frameworks/IOKit.framework; sourceTree = SDKROOT; };
		35F3B2B82790FBA7EACEE608 /* juce_core */ = {isa = PBXFileReference; lastKnownFileType = folder; name = juce_core; path = /Users/syrofullerton/JUCE/modules/juce_core; sourceTree = "<absolute>"; };
		360509C3CA324506C4D26E83 /* WeatherWav.app */ = {isa = PBXFileReference; explicitFileType = wrapper.application; includeInIndex = 0; path = WeatherWav.app; sourceTree = BUILT_PRODUCTS_DIR; };
		38FBF152D7262F779577856C /* RecentFilesMenuTemplate.nib */ = {isa = PBXFileReference; lastKnownFileType = file.nib; path = RecentFilesMenuTemplate.nib; sourceTree = SOURCE_ROOT; };
		39CCE9A6B88A9B016FB8F930 /* include_juce_core.mm */ = {isa = PBXFileReference; lastKnownFileType = sourcecode.cpp.objcpp; name = include_juce_core.mm; path = ../../JuceLibraryCode/include_juce_core.mm; sourceTree = SOURCE_ROOT; };
		473CB3FE3185AECF7B16B1BF /* Foundation.framework */ = {isa = PBXFileReference; lastKnownFileType = wrapper.framework; name = Foundation.framework; path = System/Library/Frameworks/Foundation.framework; sourceTree = SDKROOT; };
		61BC88CC29248C8CF8FFC56D /* include_juce_audio_basics.mm */ = {isa = PBXFileReference; lastKnownFileType = sourcecode.cpp.objcpp; name = include_juce_audio_basics.mm; path = ../../JuceLibraryCode/include_juce_audio_basics.mm; sourceTree = SOURCE_ROOT; };
		B0ABED8544E684A4E1623F78 /* Accelerate.framework */ = {isa = PBXFileReference; lastKnownFileType = wrapper.framework; name = Accelerate.framework; path = System/Library/Frameworks/Accelerate.framework; sourceTree = SDKROOT; };
		C6F46EF80D8D5BA56C6128B8 /* Cocoa.framework */ = {isa = PBXFileReference; lastKnownFileType = wrapper.framework; name = Cocoa.framework; path = System/Library/Frameworks/Cocoa.framework; sourceTree = SDKROOT; };
		D0AC29AFA3370A3188DD2D4D /* JuceHeader.h */ = {isa = PBXFileReference; lastKnownFileType = sourcecode.c.h; name = JuceHeader.h; path = ../../JuceLibraryCode/JuceHeader.h; sourceTree = SOURCE_ROOT; };
		EADE58C3E07EA407E4485826 /* Security.framework */ = {isa = PBXFileReference; lastKnownFileType = wrapper.framework; name = Security.framework; path = System/Library/Frameworks/Security.framework; sourceTree = SDKROOT; };
		F120E9DDB84ADBEE7D1F9663 /* juce_audio_basics */ = {isa = PBXFileReference; lastKnownFileType = folder; name = juce_audio_basics; path = /Users/syrofullerton/JUCE/modules/juce_audio_basics; sourceTree = "<absolute>"; };
		FA529B6D97718ACA6A9EB82A /* Info-App.plist */ = {isa = PBXFileReference; lastKnownFileType = text.plist.xml; path = "Info-App.plist"; sourceTree = SOURCE_ROOT; };
/* End PBXFileReference section */

/* Begin PBXFrameworksBuildPhase section */
		47BE592D96A42848837DA3B8 /* Frameworks */ = {
			isa = PBXFrameworksBuildPhase;
			buildActionMask = 2147483647;
			files = (
				0DF0E7672CA17715004CD901 /* libcurl.tbd in Frameworks */,
				685D4C99A2226A046CFC0B02 /* Accelerate.framework in Frameworks */,
				AE547A13BFCCEFD4F37B54FE /* Cocoa.framework in Frameworks */,
				FBDB0807ABDD2D319302DD51 /* Foundation.framework in Frameworks */,
				C0E26C3E2AEDC42E1E7E69CA /* IOKit.framework in Frameworks */,
				78D9E2617F59CBCB9717052E /* Security.framework in Frameworks */,
			);
			runOnlyForDeploymentPostprocessing = 0;
		};
/* End PBXFrameworksBuildPhase section */

/* Begin PBXGroup section */
		0DF0E7512CA12760004CD901 /* cbmp */ = {
			isa = PBXGroup;
			children = (
				0DF0E74E2CA12760004CD901 /* cbmp.c */,
				0DF0E74F2CA12760004CD901 /* cbmp.h */,
				0DF0E7502CA12760004CD901 /* CMakeLists.txt */,
			);
			name = cbmp;
			path = ../../Source/cbmp;
			sourceTree = "<group>";
		};
		0DF0E7602CA12B31004CD901 /* Media */ = {
			isa = PBXGroup;
			children = (
				0DF0E75D2CA12B31004CD901 /* Doom_logo.bmp */,
				0DF0E75E2CA12B31004CD901 /* Logo.bmp */,
				0DF0E75F2CA12B31004CD901 /* mapBmp.bmp */,
			);
			name = Media;
			path = ../../Media;
			sourceTree = "<group>";
		};
		1F682246E93661560C444CAC /* Frameworks */ = {
			isa = PBXGroup;
			children = (
				0DF0E7662CA13D7F004CD901 /* libcurl.tbd */,
				B0ABED8544E684A4E1623F78 /* Accelerate.framework */,
				C6F46EF80D8D5BA56C6128B8 /* Cocoa.framework */,
				473CB3FE3185AECF7B16B1BF /* Foundation.framework */,
				1BFCEC29CA1850E5ECCC99B2 /* IOKit.framework */,
				EADE58C3E07EA407E4485826 /* Security.framework */,
			);
			name = Frameworks;
			sourceTree = "<group>";
		};
		259124CAC473A98F88EDCC18 /* Source */ = {
			isa = PBXGroup;
			children = (
				0DF0E7602CA12B31004CD901 /* Media */,
				0DF0E7512CA12760004CD901 /* cbmp */,
				0DF0E74D2CA1270B004CD901 /* GUI.hpp */,
				0DF0E72A2CA120D5004CD901 /* Main.cpp */,
				0DF0E7652CA13CA5004CD901 /* API.h */,
				0DF0E7642CA12E58004CD901 /* utils.h */,
				0DF0E72B2CA120D5004CD901 /* Midi.hpp */,
				D7C9631D6773A97CA74DCD65 /* JUCE Modules */,
				AF4096B59BAC032048D1768C /* JUCE Library Code */,
				707F99DBF3917EFE39F8CFE4 /* Resources */,
				1F682246E93661560C444CAC /* Frameworks */,
				681AD3C24BA2219AAC941B67 /* Products */,
				0DF0E74C2CA1255A004CD901 /* WeatherWav - App copy-Info.plist */,
			);
			name = Source;
			sourceTree = "<group>";
		};
		681AD3C24BA2219AAC941B67 /* Products */ = {
			isa = PBXGroup;
			children = (
				360509C3CA324506C4D26E83 /* WeatherWav.app */,
			);
			name = Products;
			sourceTree = "<group>";
		};
		707F99DBF3917EFE39F8CFE4 /* Resources */ = {
			isa = PBXGroup;
			children = (
				FA529B6D97718ACA6A9EB82A /* Info-App.plist */,
				38FBF152D7262F779577856C /* RecentFilesMenuTemplate.nib */,
			);
			name = Resources;
			sourceTree = "<group>";
		};
		AF4096B59BAC032048D1768C /* JUCE Library Code */ = {
			isa = PBXGroup;
			children = (
				61BC88CC29248C8CF8FFC56D /* include_juce_audio_basics.mm */,
				39CCE9A6B88A9B016FB8F930 /* include_juce_core.mm */,
				D0AC29AFA3370A3188DD2D4D /* JuceHeader.h */,
			);
			name = "JUCE Library Code";
			sourceTree = "<group>";
		};
		D7C9631D6773A97CA74DCD65 /* JUCE Modules */ = {
			isa = PBXGroup;
			children = (
				F120E9DDB84ADBEE7D1F9663 /* juce_audio_basics */,
				35F3B2B82790FBA7EACEE608 /* juce_core */,
			);
			name = "JUCE Modules";
			sourceTree = "<group>";
		};
/* End PBXGroup section */

/* Begin PBXNativeTarget section */
		73413ADE5490D156E6875D4B /* WeatherWav - App */ = {
			isa = PBXNativeTarget;
			buildConfigurationList = 38558D162FC35FB95E4879FD /* Build configuration list for PBXNativeTarget "WeatherWav - App" */;
			buildPhases = (
				462808228731748D3C1EA140 /* Resources */,
				D82010C94624BBAF3CA23EC2 /* Sources */,
				47BE592D96A42848837DA3B8 /* Frameworks */,
			);
			buildRules = (
			);
			dependencies = (
			);
			name = "WeatherWav - App";
			productName = WeatherWav;
			productReference = 360509C3CA324506C4D26E83 /* WeatherWav.app */;
			productType = "com.apple.product-type.application";
		};
/* End PBXNativeTarget section */

/* Begin PBXProject section */
		F74498FC393EF43AB610C397 /* Project object */ = {
			isa = PBXProject;
			attributes = {
				LastUpgradeCheck = 1340;
				ORGANIZATIONNAME = "";
				TargetAttributes = {
					73413ADE5490D156E6875D4B = {
						DevelopmentTeam = 2HJJFM492R;
						ProvisioningStyle = Automatic;
						SystemCapabilities = {
							com.apple.ApplicationGroups.iOS = {
								enabled = 0;
							};
							com.apple.HardenedRuntime = {
								enabled = 0;
							};
							com.apple.InAppPurchase = {
								enabled = 0;
							};
							com.apple.InterAppAudio = {
								enabled = 0;
							};
							com.apple.Push = {
								enabled = 0;
							};
							com.apple.Sandbox = {
								enabled = 0;
							};
						};
					};
				};
			};
			buildConfigurationList = A70BE99146CBB78188CBDDC4 /* Build configuration list for PBXProject "WeatherWav" */;
			compatibilityVersion = "Xcode 3.2";
			developmentRegion = en;
			hasScannedForEncodings = 0;
			knownRegions = (
				en,
				Base,
			);
			mainGroup = 259124CAC473A98F88EDCC18 /* Source */;
			projectDirPath = "";
			projectRoot = "";
			targets = (
				73413ADE5490D156E6875D4B /* WeatherWav - App */,
			);
		};
/* End PBXProject section */

/* Begin PBXResourcesBuildPhase section */
		462808228731748D3C1EA140 /* Resources */ = {
			isa = PBXResourcesBuildPhase;
			buildActionMask = 2147483647;
			files = (
				0DF0E7532CA12760004CD901 /* CMakeLists.txt in Resources */,
				0DF0E7632CA12B31004CD901 /* mapBmp.bmp in Resources */,
				2ADFAD0ED05876E7EE12F637 /* RecentFilesMenuTemplate.nib in Resources */,
				0DF0E7622CA12B31004CD901 /* Logo.bmp in Resources */,
				0DF0E7612CA12B31004CD901 /* Doom_logo.bmp in Resources */,
			);
			runOnlyForDeploymentPostprocessing = 0;
		};
/* End PBXResourcesBuildPhase section */

/* Begin PBXSourcesBuildPhase section */
		D82010C94624BBAF3CA23EC2 /* Sources */ = {
			isa = PBXSourcesBuildPhase;
			buildActionMask = 2147483647;
			files = (
				0DF0E72C2CA120D5004CD901 /* Main.cpp in Sources */,
				0DF0E7522CA12760004CD901 /* cbmp.c in Sources */,
				0422F902AD212810AEC84012 /* include_juce_audio_basics.mm in Sources */,
				6F3F8E570009C7D2F1F05269 /* include_juce_core.mm in Sources */,
			);
			runOnlyForDeploymentPostprocessing = 0;
		};
/* End PBXSourcesBuildPhase section */

/* Begin XCBuildConfiguration section */
		01D677752785B4724BF59253 /* Debug */ = {
			isa = XCBuildConfiguration;
			buildSettings = {
				CLANG_CXX_LANGUAGE_STANDARD = "c++17";
				CLANG_CXX_LIBRARY = "libc++";
				CLANG_LINK_OBJC_RUNTIME = NO;
				CODE_SIGN_IDENTITY = "Apple Development";
				CODE_SIGN_STYLE = Automatic;
				COMBINE_HIDPI_IMAGES = YES;
				CONFIGURATION_BUILD_DIR = "$(PROJECT_DIR)/build/$(CONFIGURATION)";
				COPY_PHASE_STRIP = NO;
				DEVELOPMENT_TEAM = 2HJJFM492R;
				EXCLUDED_ARCHS = "";
				GCC_DYNAMIC_NO_PIC = NO;
				GCC_OPTIMIZATION_LEVEL = 0;
				GCC_PREPROCESSOR_DEFINITIONS = (
					"_DEBUG=1",
					"DEBUG=1",
					"JUCE_DISPLAY_SPLASH_SCREEN=0",
					"JUCE_USE_DARK_SPLASH_SCREEN=1",
					"JUCE_PROJUCER_VERSION=0x7000c",
					"JUCE_MODULE_AVAILABLE_juce_audio_basics=1",
					"JUCE_MODULE_AVAILABLE_juce_core=1",
					"JUCE_GLOBAL_MODULE_SETTINGS_INCLUDED=1",
					"JUCE_STRICT_REFCOUNTEDPOINTER=1",
					"JUCE_STANDALONE_APPLICATION=1",
					"JUCER_XCODE_MAC_F6D2F4CF=1",
					"JUCE_APP_VERSION=1.0.0",
					"JUCE_APP_VERSION_HEX=0x10000",
					"JucePlugin_Build_VST=0",
					"JucePlugin_Build_VST3=0",
					"JucePlugin_Build_AU=0",
					"JucePlugin_Build_AUv3=0",
					"JucePlugin_Build_AAX=0",
					"JucePlugin_Build_Standalone=0",
					"JucePlugin_Build_Unity=0",
					"JucePlugin_Build_LV2=0",
				);
				GCC_VERSION = com.apple.compilers.llvm.clang.1_0;
				HEADER_SEARCH_PATHS = (
					"$(SRCROOT)/../../JuceLibraryCode",
					/Users/syrofullerton/JUCE/modules,
					"$(inherited)",
					"/opt/homebrew/Cellar/nlohmann-json/3.11.3/include",
				);
				INFOPLIST_FILE = "Info-App.plist";
				INFOPLIST_PREPROCESS = NO;
				INSTALL_PATH = "$(HOME)/Applications";
				MACOSX_DEPLOYMENT_TARGET = 14.4;
				MTL_HEADER_SEARCH_PATHS = "$(SRCROOT)/../../JuceLibraryCode /Users/syrofullerton/JUCE/modules";
				PRODUCT_BUNDLE_IDENTIFIER = com.yourcompany.WeatherWav;
				PRODUCT_NAME = WeatherWav;
				PROVISIONING_PROFILE_SPECIFIER = "";
				USE_HEADERMAP = NO;
				VALID_ARCHS = "i386 x86_64 arm64 arm64e";
			};
			name = Debug;
		};
		1A7BCDB10C516FB4129C3D26 /* Release */ = {
			isa = XCBuildConfiguration;
			buildSettings = {
				ALWAYS_SEARCH_USER_PATHS = NO;
				CLANG_ENABLE_OBJC_WEAK = YES;
				CLANG_WARN_BLOCK_CAPTURE_AUTORELEASING = YES;
				CLANG_WARN_BOOL_CONVERSION = YES;
				CLANG_WARN_COMMA = YES;
				CLANG_WARN_CONSTANT_CONVERSION = YES;
				CLANG_WARN_DEPRECATED_OBJC_IMPLEMENTATIONS = YES;
				CLANG_WARN_EMPTY_BODY = YES;
				CLANG_WARN_ENUM_CONVERSION = YES;
				CLANG_WARN_INFINITE_RECURSION = YES;
				CLANG_WARN_INT_CONVERSION = YES;
				CLANG_WARN_NON_LITERAL_NULL_CONVERSION = YES;
				CLANG_WARN_OBJC_IMPLICIT_RETAIN_SELF = YES;
				CLANG_WARN_OBJC_LITERAL_CONVERSION = YES;
				CLANG_WARN_RANGE_LOOP_ANALYSIS = YES;
				CLANG_WARN_STRICT_PROTOTYPES = YES;
				CLANG_WARN_SUSPICIOUS_MOVE = YES;
				CLANG_WARN_UNREACHABLE_CODE = YES;
				CLANG_WARN__DUPLICATE_METHOD_MATCH = YES;
				DEBUG_INFORMATION_FORMAT = dwarf;
				ENABLE_STRICT_OBJC_MSGSEND = YES;
				ENABLE_TESTABILITY = NO;
				GCC_C_LANGUAGE_STANDARD = gnu17;
				GCC_INLINES_ARE_PRIVATE_EXTERN = YES;
				GCC_MODEL_TUNING = G5;
				GCC_NO_COMMON_BLOCKS = YES;
				GCC_SYMBOLS_PRIVATE_EXTERN = YES;
				GCC_WARN_64_TO_32_BIT_CONVERSION = YES;
				GCC_WARN_ABOUT_RETURN_TYPE = YES;
				GCC_WARN_CHECK_SWITCH_STATEMENTS = YES;
				GCC_WARN_MISSING_PARENTHESES = YES;
				GCC_WARN_NON_VIRTUAL_DESTRUCTOR = YES;
				GCC_WARN_TYPECHECK_CALLS_TO_PRINTF = YES;
				GCC_WARN_UNDECLARED_SELECTOR = YES;
				GCC_WARN_UNINITIALIZED_AUTOS = YES;
				GCC_WARN_UNUSED_FUNCTION = YES;
				GCC_WARN_UNUSED_VARIABLE = YES;
				OTHER_CODE_SIGN_FLAGS = "--timestamp";
				PRODUCT_NAME = WeatherWav;
				SDKROOT = macosx;
				WARNING_CFLAGS = "-Wreorder";
				ZERO_LINK = NO;
			};
			name = Release;
		};
		5220A36ABE680C7D2DAF7588 /* Debug */ = {
			isa = XCBuildConfiguration;
			buildSettings = {
				ALWAYS_SEARCH_USER_PATHS = NO;
				CLANG_ENABLE_OBJC_WEAK = YES;
				CLANG_WARN_BLOCK_CAPTURE_AUTORELEASING = YES;
				CLANG_WARN_BOOL_CONVERSION = YES;
				CLANG_WARN_COMMA = YES;
				CLANG_WARN_CONSTANT_CONVERSION = YES;
				CLANG_WARN_DEPRECATED_OBJC_IMPLEMENTATIONS = YES;
				CLANG_WARN_EMPTY_BODY = YES;
				CLANG_WARN_ENUM_CONVERSION = YES;
				CLANG_WARN_INFINITE_RECURSION = YES;
				CLANG_WARN_INT_CONVERSION = YES;
				CLANG_WARN_NON_LITERAL_NULL_CONVERSION = YES;
				CLANG_WARN_OBJC_IMPLICIT_RETAIN_SELF = YES;
				CLANG_WARN_OBJC_LITERAL_CONVERSION = YES;
				CLANG_WARN_RANGE_LOOP_ANALYSIS = YES;
				CLANG_WARN_STRICT_PROTOTYPES = YES;
				CLANG_WARN_SUSPICIOUS_MOVE = YES;
				CLANG_WARN_UNREACHABLE_CODE = YES;
				CLANG_WARN__DUPLICATE_METHOD_MATCH = YES;
				DEBUG_INFORMATION_FORMAT = dwarf;
				ENABLE_STRICT_OBJC_MSGSEND = YES;
				ENABLE_TESTABILITY = NO;
				GCC_C_LANGUAGE_STANDARD = gnu17;
				GCC_INLINES_ARE_PRIVATE_EXTERN = YES;
				GCC_MODEL_TUNING = G5;
				GCC_NO_COMMON_BLOCKS = YES;
				GCC_SYMBOLS_PRIVATE_EXTERN = YES;
				GCC_WARN_64_TO_32_BIT_CONVERSION = YES;
				GCC_WARN_ABOUT_RETURN_TYPE = YES;
				GCC_WARN_CHECK_SWITCH_STATEMENTS = YES;
				GCC_WARN_MISSING_PARENTHESES = YES;
				GCC_WARN_NON_VIRTUAL_DESTRUCTOR = YES;
				GCC_WARN_TYPECHECK_CALLS_TO_PRINTF = YES;
				GCC_WARN_UNDECLARED_SELECTOR = YES;
				GCC_WARN_UNINITIALIZED_AUTOS = YES;
				GCC_WARN_UNUSED_FUNCTION = YES;
				GCC_WARN_UNUSED_VARIABLE = YES;
				ONLY_ACTIVE_ARCH = YES;
				OTHER_CODE_SIGN_FLAGS = "--timestamp";
				PRODUCT_NAME = WeatherWav;
				SDKROOT = macosx;
				WARNING_CFLAGS = "-Wreorder";
				ZERO_LINK = NO;
			};
			name = Debug;
		};
		5C3A8154D64A8EC946B670B2 /* Release */ = {
			isa = XCBuildConfiguration;
			buildSettings = {
				CLANG_CXX_LANGUAGE_STANDARD = "c++17";
				CLANG_CXX_LIBRARY = "libc++";
				CLANG_LINK_OBJC_RUNTIME = NO;
				CODE_SIGN_IDENTITY = "Apple Development";
				CODE_SIGN_STYLE = Automatic;
				COMBINE_HIDPI_IMAGES = YES;
				CONFIGURATION_BUILD_DIR = "$(PROJECT_DIR)/build/$(CONFIGURATION)";
				DEAD_CODE_STRIPPING = YES;
				DEVELOPMENT_TEAM = 2HJJFM492R;
				EXCLUDED_ARCHS = "";
				GCC_GENERATE_DEBUGGING_SYMBOLS = NO;
				GCC_OPTIMIZATION_LEVEL = 3;
				GCC_PREPROCESSOR_DEFINITIONS = (
					"_NDEBUG=1",
					"NDEBUG=1",
					"JUCE_DISPLAY_SPLASH_SCREEN=0",
					"JUCE_USE_DARK_SPLASH_SCREEN=1",
					"JUCE_PROJUCER_VERSION=0x7000c",
					"JUCE_MODULE_AVAILABLE_juce_audio_basics=1",
					"JUCE_MODULE_AVAILABLE_juce_core=1",
					"JUCE_GLOBAL_MODULE_SETTINGS_INCLUDED=1",
					"JUCE_STRICT_REFCOUNTEDPOINTER=1",
					"JUCE_STANDALONE_APPLICATION=1",
					"JUCER_XCODE_MAC_F6D2F4CF=1",
					"JUCE_APP_VERSION=1.0.0",
					"JUCE_APP_VERSION_HEX=0x10000",
					"JucePlugin_Build_VST=0",
					"JucePlugin_Build_VST3=0",
					"JucePlugin_Build_AU=0",
					"JucePlugin_Build_AUv3=0",
					"JucePlugin_Build_AAX=0",
					"JucePlugin_Build_Standalone=0",
					"JucePlugin_Build_Unity=0",
					"JucePlugin_Build_LV2=0",
				);
				GCC_VERSION = com.apple.compilers.llvm.clang.1_0;
				HEADER_SEARCH_PATHS = (
					"$(SRCROOT)/../../JuceLibraryCode",
					/Users/syrofullerton/JUCE/modules,
					"$(inherited)",
					"/opt/homebrew/Cellar/nlohmann-json/3.11.3/include",
				);
				INFOPLIST_FILE = "Info-App.plist";
				INFOPLIST_PREPROCESS = NO;
				INSTALL_PATH = "$(HOME)/Applications";
				LLVM_LTO = YES;
				MACOSX_DEPLOYMENT_TARGET = 14.4;
				MTL_HEADER_SEARCH_PATHS = "$(SRCROOT)/../../JuceLibraryCode /Users/syrofullerton/JUCE/modules";
				PRODUCT_BUNDLE_IDENTIFIER = com.yourcompany.WeatherWav;
				PRODUCT_NAME = WeatherWav;
				PROVISIONING_PROFILE_SPECIFIER = "";
				USE_HEADERMAP = NO;
				VALID_ARCHS = "i386 x86_64 arm64 arm64e";
			};
			name = Release;
		};
/* End XCBuildConfiguration section */

/* Begin XCConfigurationList section */
		38558D162FC35FB95E4879FD /* Build configuration list for PBXNativeTarget "WeatherWav - App" */ = {
			isa = XCConfigurationList;
			buildConfigurations = (
				01D677752785B4724BF59253 /* Debug */,
				5C3A8154D64A8EC946B670B2 /* Release */,
			);
			defaultConfigurationIsVisible = 0;
			defaultConfigurationName = Debug;
		};
		A70BE99146CBB78188CBDDC4 /* Build configuration list for PBXProject "WeatherWav" */ = {
			isa = XCConfigurationList;
			buildConfigurations = (
				1A7BCDB10C516FB4129C3D26 /* Release */,
				5220A36ABE680C7D2DAF7588 /* Debug */,
			);
			defaultConfigurationIsVisible = 0;
			defaultConfigurationName = Debug;
		};
/* End XCConfigurationList section */
	};
	rootObject = F74498FC393EF43AB610C397 /* Project object */;
}
